
Microsoft Visual Studio Solution File, Format Version 12.00
# Visual Studio Version 17
VisualStudioVersion = 17.14.36301.6
MinimumVisualStudioVersion = 10.0.40219.1
Project("{FAE04EC0-301F-11D3-BF4B-00C04F79EFBC}") = "AgentPortalGatewayService", "AgentPortalGatewayService\AgentPortalGatewayService.csproj", "{71E779BA-0133-42F9-B204-969A5E974E9D}"
EndProject
Project("{FAE04EC0-301F-11D3-BF4B-00C04F79EFBC}") = "AgentPortalGatewayService.Api", "AgentPortalGatewayService.Api\AgentPortalGatewayService.Api.csproj", "{A4C76392-27BC-4AD9-B8B3-3349FBA6B567}"
EndProject
Project("{FAE04EC0-301F-11D3-BF4B-00C04F79EFBC}") = "AgentPortalGatewayService.Test", "AgentPortalGatewayService.Test\AgentPortalGatewayService.Test.csproj", "{58782B28-0B01-480A-918A-C4FC12461942}"
EndProject
Project("{FAE04EC0-301F-11D3-BF4B-00C04F79EFBC}") = "AuthService", "AuthService\AuthService.csproj", "{81FAF3FF-3FB5-4AB4-B597-40252C3C4945}"
EndProject
Project("{FAE04EC0-301F-11D3-BF4B-00C04F79EFBC}") = "AuthService.Api", "AuthService.Api\AuthService.Api.csproj", "{4964431C-223C-4139-A57C-5B86E41CCB88}"
EndProject
Project("{FAE04EC0-301F-11D3-BF4B-00C04F79EFBC}") = "AuthService.Test", "AuthService.Test\AuthService.Test.csproj", "{87C21036-80AF-4D18-99F3-B6B049CF9DC6}"
EndProject
Project("{FAE04EC0-301F-11D3-BF4B-00C04F79EFBC}") = "ChatService", "ChatService\ChatService.csproj", "{C2460A28-63B0-42C8-A051-036C1E25FAD0}"
EndProject
Project("{FAE04EC0-301F-11D3-BF4B-00C04F79EFBC}") = "ChatService.Api", "ChatService.Api\ChatService.Api.csproj", "{E1E17666-B4A0-4DB4-94F5-541F9B39EF6B}"
EndProject
Project("{FAE04EC0-301F-11D3-BF4B-00C04F79EFBC}") = "ChatService.Test", "ChatService.Test\ChatService.Test.csproj", "{16DE6DD2-FBF9-469E-B9C3-4A1099484AFC}"
EndProject
Project("{FAE04EC0-301F-11D3-BF4B-00C04F79EFBC}") = "DocumentService", "DocumentService\DocumentService.csproj", "{2FDCDD7B-EC53-4A62-B49E-99AF8A3C2D6B}"
EndProject
Project("{FAE04EC0-301F-11D3-BF4B-00C04F79EFBC}") = "DocumentService.Api", "DocumentService.Api\DocumentService.Api.csproj", "{ED2CBE6F-5A83-4A54-A13D-C1C174DD724E}"
EndProject
Project("{FAE04EC0-301F-11D3-BF4B-00C04F79EFBC}") = "DocumentService.Test", "DocumentService.Test\DocumentService.Test.csproj", "{41CD52E1-BEFE-49BA-87DD-A211A362E46B}"
EndProject
Project("{FAE04EC0-301F-11D3-BF4B-00C04F79EFBC}") = "PaymentService", "PaymentService\PaymentService.csproj", "{B721C6BD-07B2-4467-AC26-F305661FA76D}"
EndProject
Project("{FAE04EC0-301F-11D3-BF4B-00C04F79EFBC}") = "PaymentService.Api", "PaymentService.Api\PaymentService.Api.csproj", "{53925D04-4B86-47EC-864C-532EEBE478F4}"
EndProject
Project("{FAE04EC0-301F-11D3-BF4B-00C04F79EFBC}") = "PaymentService.Test", "PaymentService.Test\PaymentService.Test.csproj", "{CC5C2847-6E72-4445-ADD4-C16B24116211}"
EndProject
Project("{FAE04EC0-301F-11D3-BF4B-00C04F79EFBC}") = "PolicySearchService.Test", "PolicySearchService.Test\PolicySearchService.Test.csproj", "{3D2C18D5-756F-4251-918A-758F4A4EBA88}"
EndProject
Project("{FAE04EC0-301F-11D3-BF4B-00C04F79EFBC}") = "ProductService", "ProductService\ProductService.csproj", "{550F23CB-B2B9-4B97-B261-3AADB43FE3EE}"
EndProject
Project("{FAE04EC0-301F-11D3-BF4B-00C04F79EFBC}") = "ProductService.Api", "ProductService.Api\ProductService.Api.csproj", "{0B94BE13-69FD-47CB-BAF1-2806253E6975}"
EndProject
Project("{FAE04EC0-301F-11D3-BF4B-00C04F79EFBC}") = "ProductService.Test", "ProductService.Test\ProductService.Test.csproj", "{23B2943F-B0F8-46D6-A107-D33D0FE23C89}"
EndProject
Project("{FAE04EC0-301F-11D3-BF4B-00C04F79EFBC}") = "AgentPortalApiGateway", "..\package\AgentPortalApiGateway\AgentPortalApiGateway\AgentPortalApiGateway.csproj", "{F8AFFC38-B518-8FCA-2A8C-7BE2C93EFBA9}"
EndProject
Project("{FAE04EC0-301F-11D3-BF4B-00C04F79EFBC}") = "BlazorWasmClient", "..\package\BlazorWasmClient\BlazorWasmClient\BlazorWasmClient.csproj", "{551B8B7B-D276-5213-CA6C-77470C6DD533}"
EndProject
Project("{E24C65DC-7377-472B-9ABA-BC803B73C61A}") = "eureka-server", "..\package\eureka-server\eureka-server\", "{B0CA8B49-7D72-609B-38AC-ECCF2E71A8E2}"
	ProjectSection(WebsiteProperties) = preProject
		TargetFrameworkMoniker = ".NETFramework,Version%3Dv4.0"
		Debug.AspNetCompiler.VirtualPath = "/localhost_52239"
		Debug.AspNetCompiler.PhysicalPath = "..\package\eureka-server\eureka-server\"
		Debug.AspNetCompiler.TargetPath = "PrecompiledWeb\localhost_52239\"
		Debug.AspNetCompiler.Updateable = "true"
		Debug.AspNetCompiler.ForceOverwrite = "true"
		Debug.AspNetCompiler.FixedNames = "false"
		Debug.AspNetCompiler.Debug = "True"
		Release.AspNetCompiler.VirtualPath = "/localhost_52239"
		Release.AspNetCompiler.PhysicalPath = "..\package\eureka-server\eureka-server\"
		Release.AspNetCompiler.TargetPath = "PrecompiledWeb\localhost_52239\"
		Release.AspNetCompiler.Updateable = "true"
		Release.AspNetCompiler.ForceOverwrite = "true"
		Release.AspNetCompiler.FixedNames = "false"
		Release.AspNetCompiler.Debug = "False"
		VWDPort = "52239"
		SlnRelativePath = "..\package\eureka-server\eureka-server\"
	EndProjectSection
EndProject
Project("{E24C65DC-7377-472B-9ABA-BC803B73C61A}") = "postgres", "..\package\postgres\postgres\", "{9A45F52F-F24E-78EB-E81C-AB4BAECC96C5}"
	ProjectSection(WebsiteProperties) = preProject
		TargetFrameworkMoniker = ".NETFramework,Version%3Dv4.0"
		Debug.AspNetCompiler.VirtualPath = "/localhost_56887"
		Debug.AspNetCompiler.PhysicalPath = "..\package\postgres\postgres\"
		Debug.AspNetCompiler.TargetPath = "PrecompiledWeb\localhost_56887\"
		Debug.AspNetCompiler.Updateable = "true"
		Debug.AspNetCompiler.ForceOverwrite = "true"
		Debug.AspNetCompiler.FixedNames = "false"
		Debug.AspNetCompiler.Debug = "True"
		Release.AspNetCompiler.VirtualPath = "/localhost_56887"
		Release.AspNetCompiler.PhysicalPath = "..\package\postgres\postgres\"
		Release.AspNetCompiler.TargetPath = "PrecompiledWeb\localhost_56887\"
		Release.AspNetCompiler.Updateable = "true"
		Release.AspNetCompiler.ForceOverwrite = "true"
		Release.AspNetCompiler.FixedNames = "false"
		Release.AspNetCompiler.Debug = "False"
		VWDPort = "56887"
		SlnRelativePath = "..\package\postgres\postgres\"
	EndProjectSection
EndProject
Project("{E24C65DC-7377-472B-9ABA-BC803B73C61A}") = "scripts", "..\package\scripts\scripts\", "{7DA23CD1-660A-A9C7-DD64-AFECEC045D9C}"
	ProjectSection(WebsiteProperties) = preProject
		TargetFrameworkMoniker = ".NETFramework,Version%3Dv4.0"
		Debug.AspNetCompiler.VirtualPath = "/localhost_64613"
		Debug.AspNetCompiler.PhysicalPath = "..\package\scripts\scripts\"
		Debug.AspNetCompiler.TargetPath = "PrecompiledWeb\localhost_64613\"
		Debug.AspNetCompiler.Updateable = "true"
		Debug.AspNetCompiler.ForceOverwrite = "true"
		Debug.AspNetCompiler.FixedNames = "false"
		Debug.AspNetCompiler.Debug = "True"
		Release.AspNetCompiler.VirtualPath = "/localhost_64613"
		Release.AspNetCompiler.PhysicalPath = "..\package\scripts\scripts\"
		Release.AspNetCompiler.TargetPath = "PrecompiledWeb\localhost_64613\"
		Release.AspNetCompiler.Updateable = "true"
		Release.AspNetCompiler.ForceOverwrite = "true"
		Release.AspNetCompiler.FixedNames = "false"
		Release.AspNetCompiler.Debug = "False"
		VWDPort = "64613"
		SlnRelativePath = "..\package\scripts\scripts\"
	EndProjectSection
EndProject
Project("{E24C65DC-7377-472B-9ABA-BC803B73C61A}") = "Web", "..\package\Web\Web\", "{4BA80C58-4CD0-B1E2-FE75-EAFA42BCA495}"
	ProjectSection(WebsiteProperties) = preProject
		TargetFrameworkMoniker = ".NETFramework,Version%3Dv4.0"
		Debug.AspNetCompiler.VirtualPath = "/localhost_64616"
		Debug.AspNetCompiler.PhysicalPath = "..\package\Web\Web\"
		Debug.AspNetCompiler.TargetPath = "PrecompiledWeb\localhost_64616\"
		Debug.AspNetCompiler.Updateable = "true"
		Debug.AspNetCompiler.ForceOverwrite = "true"
		Debug.AspNetCompiler.FixedNames = "false"
		Debug.AspNetCompiler.Debug = "True"
		Release.AspNetCompiler.VirtualPath = "/localhost_64616"
		Release.AspNetCompiler.PhysicalPath = "..\package\Web\Web\"
		Release.AspNetCompiler.TargetPath = "PrecompiledWeb\localhost_64616\"
		Release.AspNetCompiler.Updateable = "true"
		Release.AspNetCompiler.ForceOverwrite = "true"
		Release.AspNetCompiler.FixedNames = "false"
		Release.AspNetCompiler.Debug = "False"
		VWDPort = "64616"
		SlnRelativePath = "..\package\Web\Web\"
	EndProjectSection
EndProject
Project("{FAE04EC0-301F-11D3-BF4B-00C04F79EFBC}") = "PricingService.Test", "..\package\PricingService.Test\PricingService.Test.csproj", "{3814F031-5486-3FCD-BC36-FF5A25439C08}"
EndProject
Project("{FAE04EC0-301F-11D3-BF4B-00C04F79EFBC}") = "PricingService.Api", "..\package\PricingService.Api\PricingService.Api.csproj", "{B0D2DD50-6FBE-9BA8-5EA1-CF120789BD13}"
EndProject
Project("{FAE04EC0-301F-11D3-BF4B-00C04F79EFBC}") = "PricingService.IntegrationTest", "..\package\PricingService.IntegrationTest\PricingService.IntegrationTest.csproj", "{73A61D41-ADDC-D390-6B1B-7168D2CA9E4E}"
EndProject
Project("{FAE04EC0-301F-11D3-BF4B-00C04F79EFBC}") = "PricingService", "..\package\PricingService\PricingService.csproj", "{7241420F-E1E7-ED73-C470-E576D31716AF}"
EndProject
Project("{FAE04EC0-301F-11D3-BF4B-00C04F79EFBC}") = "PolicyService.Test", "..\package\PolicyService.Test\PolicyService.Test.csproj", "{6276ACE1-3937-9623-3057-AACAB088B366}"
EndProject
Project("{FAE04EC0-301F-11D3-BF4B-00C04F79EFBC}") = "PolicyService", "..\package\PolicyService\PolicyService.csproj", "{46834B19-B9B8-3920-C345-0F0A0DE3F7F6}"
EndProject
Project("{FAE04EC0-301F-11D3-BF4B-00C04F79EFBC}") = "PolicyService.Api", "..\package\PolicyService.Api\PolicyService.Api.csproj", "{D2C2E7CE-302F-182E-D163-F251D1239B01}"
EndProject
Project("{FAE04EC0-301F-11D3-BF4B-00C04F79EFBC}") = "PolicySearchService", "..\package\PolicySearchService\PolicySearchService.csproj", "{47256CFA-31F8-42A1-ED2F-3429B537A473}"
EndProject
Project("{FAE04EC0-301F-11D3-BF4B-00C04F79EFBC}") = "PolicySearchService.Api", "..\package\PolicySearchService.Api\PolicySearchService.Api.csproj", "{B3F0107B-6FF3-0238-D54E-22BD52A63B5F}"
EndProject
Global
	GlobalSection(SolutionConfigurationPlatforms) = preSolution
		Debug|Any CPU = Debug|Any CPU
		Debug|x64 = Debug|x64
		Debug|x86 = Debug|x86
		Release|Any CPU = Release|Any CPU
		Release|x64 = Release|x64
		Release|x86 = Release|x86
	EndGlobalSection
	GlobalSection(ProjectConfigurationPlatforms) = postSolution
		{71E779BA-0133-42F9-B204-969A5E974E9D}.Debug|Any CPU.ActiveCfg = Debug|Any CPU
		{71E779BA-0133-42F9-B204-969A5E974E9D}.Debug|Any CPU.Build.0 = Debug|Any CPU
		{71E779BA-0133-42F9-B204-969A5E974E9D}.Debug|x64.ActiveCfg = Debug|Any CPU
		{71E779BA-0133-42F9-B204-969A5E974E9D}.Debug|x64.Build.0 = Debug|Any CPU
		{71E779BA-0133-42F9-B204-969A5E974E9D}.Debug|x86.ActiveCfg = Debug|Any CPU
		{71E779BA-0133-42F9-B204-969A5E974E9D}.Debug|x86.Build.0 = Debug|Any CPU
		{71E779BA-0133-42F9-B204-969A5E974E9D}.Release|Any CPU.ActiveCfg = Release|Any CPU
		{71E779BA-0133-42F9-B204-969A5E974E9D}.Release|Any CPU.Build.0 = Release|Any CPU
		{71E779BA-0133-42F9-B204-969A5E974E9D}.Release|x64.ActiveCfg = Release|Any CPU
		{71E779BA-0133-42F9-B204-969A5E974E9D}.Release|x64.Build.0 = Release|Any CPU
		{71E779BA-0133-42F9-B204-969A5E974E9D}.Release|x86.ActiveCfg = Release|Any CPU
		{71E779BA-0133-42F9-B204-969A5E974E9D}.Release|x86.Build.0 = Release|Any CPU
		{A4C76392-27BC-4AD9-B8B3-3349FBA6B567}.Debug|Any CPU.ActiveCfg = Debug|Any CPU
		{A4C76392-27BC-4AD9-B8B3-3349FBA6B567}.Debug|Any CPU.Build.0 = Debug|Any CPU
		{A4C76392-27BC-4AD9-B8B3-3349FBA6B567}.Debug|x64.ActiveCfg = Debug|Any CPU
		{A4C76392-27BC-4AD9-B8B3-3349FBA6B567}.Debug|x64.Build.0 = Debug|Any CPU
		{A4C76392-27BC-4AD9-B8B3-3349FBA6B567}.Debug|x86.ActiveCfg = Debug|Any CPU
		{A4C76392-27BC-4AD9-B8B3-3349FBA6B567}.Debug|x86.Build.0 = Debug|Any CPU
		{A4C76392-27BC-4AD9-B8B3-3349FBA6B567}.Release|Any CPU.ActiveCfg = Release|Any CPU
		{A4C76392-27BC-4AD9-B8B3-3349FBA6B567}.Release|Any CPU.Build.0 = Release|Any CPU
		{A4C76392-27BC-4AD9-B8B3-3349FBA6B567}.Release|x64.ActiveCfg = Release|Any CPU
		{A4C76392-27BC-4AD9-B8B3-3349FBA6B567}.Release|x64.Build.0 = Release|Any CPU
		{A4C76392-27BC-4AD9-B8B3-3349FBA6B567}.Release|x86.ActiveCfg = Release|Any CPU
		{A4C76392-27BC-4AD9-B8B3-3349FBA6B567}.Release|x86.Build.0 = Release|Any CPU
		{58782B28-0B01-480A-918A-C4FC12461942}.Debug|Any CPU.ActiveCfg = Debug|Any CPU
		{58782B28-0B01-480A-918A-C4FC12461942}.Debug|Any CPU.Build.0 = Debug|Any CPU
		{58782B28-0B01-480A-918A-C4FC12461942}.Debug|x64.ActiveCfg = Debug|Any CPU
		{58782B28-0B01-480A-918A-C4FC12461942}.Debug|x64.Build.0 = Debug|Any CPU
		{58782B28-0B01-480A-918A-C4FC12461942}.Debug|x86.ActiveCfg = Debug|Any CPU
		{58782B28-0B01-480A-918A-C4FC12461942}.Debug|x86.Build.0 = Debug|Any CPU
		{58782B28-0B01-480A-918A-C4FC12461942}.Release|Any CPU.ActiveCfg = Release|Any CPU
		{58782B28-0B01-480A-918A-C4FC12461942}.Release|Any CPU.Build.0 = Release|Any CPU
		{58782B28-0B01-480A-918A-C4FC12461942}.Release|x64.ActiveCfg = Release|Any CPU
		{58782B28-0B01-480A-918A-C4FC12461942}.Release|x64.Build.0 = Release|Any CPU
		{58782B28-0B01-480A-918A-C4FC12461942}.Release|x86.ActiveCfg = Release|Any CPU
		{58782B28-0B01-480A-918A-C4FC12461942}.Release|x86.Build.0 = Release|Any CPU
		{81FAF3FF-3FB5-4AB4-B597-40252C3C4945}.Debug|Any CPU.ActiveCfg = Debug|Any CPU
		{81FAF3FF-3FB5-4AB4-B597-40252C3C4945}.Debug|Any CPU.Build.0 = Debug|Any CPU
		{81FAF3FF-3FB5-4AB4-B597-40252C3C4945}.Debug|x64.ActiveCfg = Debug|Any CPU
		{81FAF3FF-3FB5-4AB4-B597-40252C3C4945}.Debug|x64.Build.0 = Debug|Any CPU
		{81FAF3FF-3FB5-4AB4-B597-40252C3C4945}.Debug|x86.ActiveCfg = Debug|Any CPU
		{81FAF3FF-3FB5-4AB4-B597-40252C3C4945}.Debug|x86.Build.0 = Debug|Any CPU
		{81FAF3FF-3FB5-4AB4-B597-40252C3C4945}.Release|Any CPU.ActiveCfg = Release|Any CPU
		{81FAF3FF-3FB5-4AB4-B597-40252C3C4945}.Release|Any CPU.Build.0 = Release|Any CPU
		{81FAF3FF-3FB5-4AB4-B597-40252C3C4945}.Release|x64.ActiveCfg = Release|Any CPU
		{81FAF3FF-3FB5-4AB4-B597-40252C3C4945}.Release|x64.Build.0 = Release|Any CPU
		{81FAF3FF-3FB5-4AB4-B597-40252C3C4945}.Release|x86.ActiveCfg = Release|Any CPU
		{81FAF3FF-3FB5-4AB4-B597-40252C3C4945}.Release|x86.Build.0 = Release|Any CPU
		{4964431C-223C-4139-A57C-5B86E41CCB88}.Debug|Any CPU.ActiveCfg = Debug|Any CPU
		{4964431C-223C-4139-A57C-5B86E41CCB88}.Debug|Any CPU.Build.0 = Debug|Any CPU
		{4964431C-223C-4139-A57C-5B86E41CCB88}.Debug|x64.ActiveCfg = Debug|Any CPU
		{4964431C-223C-4139-A57C-5B86E41CCB88}.Debug|x64.Build.0 = Debug|Any CPU
		{4964431C-223C-4139-A57C-5B86E41CCB88}.Debug|x86.ActiveCfg = Debug|Any CPU
		{4964431C-223C-4139-A57C-5B86E41CCB88}.Debug|x86.Build.0 = Debug|Any CPU
		{4964431C-223C-4139-A57C-5B86E41CCB88}.Release|Any CPU.ActiveCfg = Release|Any CPU
		{4964431C-223C-4139-A57C-5B86E41CCB88}.Release|Any CPU.Build.0 = Release|Any CPU
		{4964431C-223C-4139-A57C-5B86E41CCB88}.Release|x64.ActiveCfg = Release|Any CPU
		{4964431C-223C-4139-A57C-5B86E41CCB88}.Release|x64.Build.0 = Release|Any CPU
		{4964431C-223C-4139-A57C-5B86E41CCB88}.Release|x86.ActiveCfg = Release|Any CPU
		{4964431C-223C-4139-A57C-5B86E41CCB88}.Release|x86.Build.0 = Release|Any CPU
		{87C21036-80AF-4D18-99F3-B6B049CF9DC6}.Debug|Any CPU.ActiveCfg = Debug|Any CPU
		{87C21036-80AF-4D18-99F3-B6B049CF9DC6}.Debug|Any CPU.Build.0 = Debug|Any CPU
		{87C21036-80AF-4D18-99F3-B6B049CF9DC6}.Debug|x64.ActiveCfg = Debug|Any CPU
		{87C21036-80AF-4D18-99F3-B6B049CF9DC6}.Debug|x64.Build.0 = Debug|Any CPU
		{87C21036-80AF-4D18-99F3-B6B049CF9DC6}.Debug|x86.ActiveCfg = Debug|Any CPU
		{87C21036-80AF-4D18-99F3-B6B049CF9DC6}.Debug|x86.Build.0 = Debug|Any CPU
		{87C21036-80AF-4D18-99F3-B6B049CF9DC6}.Release|Any CPU.ActiveCfg = Release|Any CPU
		{87C21036-80AF-4D18-99F3-B6B049CF9DC6}.Release|Any CPU.Build.0 = Release|Any CPU
		{87C21036-80AF-4D18-99F3-B6B049CF9DC6}.Release|x64.ActiveCfg = Release|Any CPU
		{87C21036-80AF-4D18-99F3-B6B049CF9DC6}.Release|x64.Build.0 = Release|Any CPU
		{87C21036-80AF-4D18-99F3-B6B049CF9DC6}.Release|x86.ActiveCfg = Release|Any CPU
		{87C21036-80AF-4D18-99F3-B6B049CF9DC6}.Release|x86.Build.0 = Release|Any CPU
		{C2460A28-63B0-42C8-A051-036C1E25FAD0}.Debug|Any CPU.ActiveCfg = Debug|Any CPU
		{C2460A28-63B0-42C8-A051-036C1E25FAD0}.Debug|Any CPU.Build.0 = Debug|Any CPU
		{C2460A28-63B0-42C8-A051-036C1E25FAD0}.Debug|x64.ActiveCfg = Debug|Any CPU
		{C2460A28-63B0-42C8-A051-036C1E25FAD0}.Debug|x64.Build.0 = Debug|Any CPU
		{C2460A28-63B0-42C8-A051-036C1E25FAD0}.Debug|x86.ActiveCfg = Debug|Any CPU
		{C2460A28-63B0-42C8-A051-036C1E25FAD0}.Debug|x86.Build.0 = Debug|Any CPU
		{C2460A28-63B0-42C8-A051-036C1E25FAD0}.Release|Any CPU.ActiveCfg = Release|Any CPU
		{C2460A28-63B0-42C8-A051-036C1E25FAD0}.Release|Any CPU.Build.0 = Release|Any CPU
		{C2460A28-63B0-42C8-A051-036C1E25FAD0}.Release|x64.ActiveCfg = Release|Any CPU
		{C2460A28-63B0-42C8-A051-036C1E25FAD0}.Release|x64.Build.0 = Release|Any CPU
		{C2460A28-63B0-42C8-A051-036C1E25FAD0}.Release|x86.ActiveCfg = Release|Any CPU
		{C2460A28-63B0-42C8-A051-036C1E25FAD0}.Release|x86.Build.0 = Release|Any CPU
		{E1E17666-B4A0-4DB4-94F5-541F9B39EF6B}.Debug|Any CPU.ActiveCfg = Debug|Any CPU
		{E1E17666-B4A0-4DB4-94F5-541F9B39EF6B}.Debug|Any CPU.Build.0 = Debug|Any CPU
		{E1E17666-B4A0-4DB4-94F5-541F9B39EF6B}.Debug|x64.ActiveCfg = Debug|Any CPU
		{E1E17666-B4A0-4DB4-94F5-541F9B39EF6B}.Debug|x64.Build.0 = Debug|Any CPU
		{E1E17666-B4A0-4DB4-94F5-541F9B39EF6B}.Debug|x86.ActiveCfg = Debug|Any CPU
		{E1E17666-B4A0-4DB4-94F5-541F9B39EF6B}.Debug|x86.Build.0 = Debug|Any CPU
		{E1E17666-B4A0-4DB4-94F5-541F9B39EF6B}.Release|Any CPU.ActiveCfg = Release|Any CPU
		{E1E17666-B4A0-4DB4-94F5-541F9B39EF6B}.Release|Any CPU.Build.0 = Release|Any CPU
		{E1E17666-B4A0-4DB4-94F5-541F9B39EF6B}.Release|x64.ActiveCfg = Release|Any CPU
		{E1E17666-B4A0-4DB4-94F5-541F9B39EF6B}.Release|x64.Build.0 = Release|Any CPU
		{E1E17666-B4A0-4DB4-94F5-541F9B39EF6B}.Release|x86.ActiveCfg = Release|Any CPU
		{E1E17666-B4A0-4DB4-94F5-541F9B39EF6B}.Release|x86.Build.0 = Release|Any CPU
		{16DE6DD2-FBF9-469E-B9C3-4A1099484AFC}.Debug|Any CPU.ActiveCfg = Debug|Any CPU
		{16DE6DD2-FBF9-469E-B9C3-4A1099484AFC}.Debug|Any CPU.Build.0 = Debug|Any CPU
		{16DE6DD2-FBF9-469E-B9C3-4A1099484AFC}.Debug|x64.ActiveCfg = Debug|Any CPU
		{16DE6DD2-FBF9-469E-B9C3-4A1099484AFC}.Debug|x64.Build.0 = Debug|Any CPU
		{16DE6DD2-FBF9-469E-B9C3-4A1099484AFC}.Debug|x86.ActiveCfg = Debug|Any CPU
		{16DE6DD2-FBF9-469E-B9C3-4A1099484AFC}.Debug|x86.Build.0 = Debug|Any CPU
		{16DE6DD2-FBF9-469E-B9C3-4A1099484AFC}.Release|Any CPU.ActiveCfg = Release|Any CPU
		{16DE6DD2-FBF9-469E-B9C3-4A1099484AFC}.Release|Any CPU.Build.0 = Release|Any CPU
		{16DE6DD2-FBF9-469E-B9C3-4A1099484AFC}.Release|x64.ActiveCfg = Release|Any CPU
		{16DE6DD2-FBF9-469E-B9C3-4A1099484AFC}.Release|x64.Build.0 = Release|Any CPU
		{16DE6DD2-FBF9-469E-B9C3-4A1099484AFC}.Release|x86.ActiveCfg = Release|Any CPU
		{16DE6DD2-FBF9-469E-B9C3-4A1099484AFC}.Release|x86.Build.0 = Release|Any CPU
		{2FDCDD7B-EC53-4A62-B49E-99AF8A3C2D6B}.Debug|Any CPU.ActiveCfg = Debug|Any CPU
		{2FDCDD7B-EC53-4A62-B49E-99AF8A3C2D6B}.Debug|Any CPU.Build.0 = Debug|Any CPU
		{2FDCDD7B-EC53-4A62-B49E-99AF8A3C2D6B}.Debug|x64.ActiveCfg = Debug|Any CPU
		{2FDCDD7B-EC53-4A62-B49E-99AF8A3C2D6B}.Debug|x64.Build.0 = Debug|Any CPU
		{2FDCDD7B-EC53-4A62-B49E-99AF8A3C2D6B}.Debug|x86.ActiveCfg = Debug|Any CPU
		{2FDCDD7B-EC53-4A62-B49E-99AF8A3C2D6B}.Debug|x86.Build.0 = Debug|Any CPU
		{2FDCDD7B-EC53-4A62-B49E-99AF8A3C2D6B}.Release|Any CPU.ActiveCfg = Release|Any CPU
		{2FDCDD7B-EC53-4A62-B49E-99AF8A3C2D6B}.Release|Any CPU.Build.0 = Release|Any CPU
		{2FDCDD7B-EC53-4A62-B49E-99AF8A3C2D6B}.Release|x64.ActiveCfg = Release|Any CPU
		{2FDCDD7B-EC53-4A62-B49E-99AF8A3C2D6B}.Release|x64.Build.0 = Release|Any CPU
		{2FDCDD7B-EC53-4A62-B49E-99AF8A3C2D6B}.Release|x86.ActiveCfg = Release|Any CPU
		{2FDCDD7B-EC53-4A62-B49E-99AF8A3C2D6B}.Release|x86.Build.0 = Release|Any CPU
		{ED2CBE6F-5A83-4A54-A13D-C1C174DD724E}.Debug|Any CPU.ActiveCfg = Debug|Any CPU
		{ED2CBE6F-5A83-4A54-A13D-C1C174DD724E}.Debug|Any CPU.Build.0 = Debug|Any CPU
		{ED2CBE6F-5A83-4A54-A13D-C1C174DD724E}.Debug|x64.ActiveCfg = Debug|Any CPU
		{ED2CBE6F-5A83-4A54-A13D-C1C174DD724E}.Debug|x64.Build.0 = Debug|Any CPU
		{ED2CBE6F-5A83-4A54-A13D-C1C174DD724E}.Debug|x86.ActiveCfg = Debug|Any CPU
		{ED2CBE6F-5A83-4A54-A13D-C1C174DD724E}.Debug|x86.Build.0 = Debug|Any CPU
		{ED2CBE6F-5A83-4A54-A13D-C1C174DD724E}.Release|Any CPU.ActiveCfg = Release|Any CPU
		{ED2CBE6F-5A83-4A54-A13D-C1C174DD724E}.Release|Any CPU.Build.0 = Release|Any CPU
		{ED2CBE6F-5A83-4A54-A13D-C1C174DD724E}.Release|x64.ActiveCfg = Release|Any CPU
		{ED2CBE6F-5A83-4A54-A13D-C1C174DD724E}.Release|x64.Build.0 = Release|Any CPU
		{ED2CBE6F-5A83-4A54-A13D-C1C174DD724E}.Release|x86.ActiveCfg = Release|Any CPU
		{ED2CBE6F-5A83-4A54-A13D-C1C174DD724E}.Release|x86.Build.0 = Release|Any CPU
		{41CD52E1-BEFE-49BA-87DD-A211A362E46B}.Debug|Any CPU.ActiveCfg = Debug|Any CPU
		{41CD52E1-BEFE-49BA-87DD-A211A362E46B}.Debug|Any CPU.Build.0 = Debug|Any CPU
		{41CD52E1-BEFE-49BA-87DD-A211A362E46B}.Debug|x64.ActiveCfg = Debug|Any CPU
		{41CD52E1-BEFE-49BA-87DD-A211A362E46B}.Debug|x64.Build.0 = Debug|Any CPU
		{41CD52E1-BEFE-49BA-87DD-A211A362E46B}.Debug|x86.ActiveCfg = Debug|Any CPU
		{41CD52E1-BEFE-49BA-87DD-A211A362E46B}.Debug|x86.Build.0 = Debug|Any CPU
		{41CD52E1-BEFE-49BA-87DD-A211A362E46B}.Release|Any CPU.ActiveCfg = Release|Any CPU
		{41CD52E1-BEFE-49BA-87DD-A211A362E46B}.Release|Any CPU.Build.0 = Release|Any CPU
		{41CD52E1-BEFE-49BA-87DD-A211A362E46B}.Release|x64.ActiveCfg = Release|Any CPU
		{41CD52E1-BEFE-49BA-87DD-A211A362E46B}.Release|x64.Build.0 = Release|Any CPU
		{41CD52E1-BEFE-49BA-87DD-A211A362E46B}.Release|x86.ActiveCfg = Release|Any CPU
		{41CD52E1-BEFE-49BA-87DD-A211A362E46B}.Release|x86.Build.0 = Release|Any CPU
		{B721C6BD-07B2-4467-AC26-F305661FA76D}.Debug|Any CPU.ActiveCfg = Debug|Any CPU
		{B721C6BD-07B2-4467-AC26-F305661FA76D}.Debug|Any CPU.Build.0 = Debug|Any CPU
		{B721C6BD-07B2-4467-AC26-F305661FA76D}.Debug|x64.ActiveCfg = Debug|Any CPU
		{B721C6BD-07B2-4467-AC26-F305661FA76D}.Debug|x64.Build.0 = Debug|Any CPU
		{B721C6BD-07B2-4467-AC26-F305661FA76D}.Debug|x86.ActiveCfg = Debug|Any CPU
		{B721C6BD-07B2-4467-AC26-F305661FA76D}.Debug|x86.Build.0 = Debug|Any CPU
		{B721C6BD-07B2-4467-AC26-F305661FA76D}.Release|Any CPU.ActiveCfg = Release|Any CPU
		{B721C6BD-07B2-4467-AC26-F305661FA76D}.Release|Any CPU.Build.0 = Release|Any CPU
		{B721C6BD-07B2-4467-AC26-F305661FA76D}.Release|x64.ActiveCfg = Release|Any CPU
		{B721C6BD-07B2-4467-AC26-F305661FA76D}.Release|x64.Build.0 = Release|Any CPU
		{B721C6BD-07B2-4467-AC26-F305661FA76D}.Release|x86.ActiveCfg = Release|Any CPU
		{B721C6BD-07B2-4467-AC26-F305661FA76D}.Release|x86.Build.0 = Release|Any CPU
		{53925D04-4B86-47EC-864C-532EEBE478F4}.Debug|Any CPU.ActiveCfg = Debug|Any CPU
		{53925D04-4B86-47EC-864C-532EEBE478F4}.Debug|Any CPU.Build.0 = Debug|Any CPU
		{53925D04-4B86-47EC-864C-532EEBE478F4}.Debug|x64.ActiveCfg = Debug|Any CPU
		{53925D04-4B86-47EC-864C-532EEBE478F4}.Debug|x64.Build.0 = Debug|Any CPU
		{53925D04-4B86-47EC-864C-532EEBE478F4}.Debug|x86.ActiveCfg = Debug|Any CPU
		{53925D04-4B86-47EC-864C-532EEBE478F4}.Debug|x86.Build.0 = Debug|Any CPU
		{53925D04-4B86-47EC-864C-532EEBE478F4}.Release|Any CPU.ActiveCfg = Release|Any CPU
		{53925D04-4B86-47EC-864C-532EEBE478F4}.Release|Any CPU.Build.0 = Release|Any CPU
		{53925D04-4B86-47EC-864C-532EEBE478F4}.Release|x64.ActiveCfg = Release|Any CPU
		{53925D04-4B86-47EC-864C-532EEBE478F4}.Release|x64.Build.0 = Release|Any CPU
		{53925D04-4B86-47EC-864C-532EEBE478F4}.Release|x86.ActiveCfg = Release|Any CPU
		{53925D04-4B86-47EC-864C-532EEBE478F4}.Release|x86.Build.0 = Release|Any CPU
		{CC5C2847-6E72-4445-ADD4-C16B24116211}.Debug|Any CPU.ActiveCfg = Debug|Any CPU
		{CC5C2847-6E72-4445-ADD4-C16B24116211}.Debug|Any CPU.Build.0 = Debug|Any CPU
		{CC5C2847-6E72-4445-ADD4-C16B24116211}.Debug|x64.ActiveCfg = Debug|Any CPU
		{CC5C2847-6E72-4445-ADD4-C16B24116211}.Debug|x64.Build.0 = Debug|Any CPU
		{CC5C2847-6E72-4445-ADD4-C16B24116211}.Debug|x86.ActiveCfg = Debug|Any CPU
		{CC5C2847-6E72-4445-ADD4-C16B24116211}.Debug|x86.Build.0 = Debug|Any CPU
		{CC5C2847-6E72-4445-ADD4-C16B24116211}.Release|Any CPU.ActiveCfg = Release|Any CPU
		{CC5C2847-6E72-4445-ADD4-C16B24116211}.Release|Any CPU.Build.0 = Release|Any CPU
		{CC5C2847-6E72-4445-ADD4-C16B24116211}.Release|x64.ActiveCfg = Release|Any CPU
		{CC5C2847-6E72-4445-ADD4-C16B24116211}.Release|x64.Build.0 = Release|Any CPU
		{CC5C2847-6E72-4445-ADD4-C16B24116211}.Release|x86.ActiveCfg = Release|Any CPU
		{CC5C2847-6E72-4445-ADD4-C16B24116211}.Release|x86.Build.0 = Release|Any CPU
		{3D2C18D5-756F-4251-918A-758F4A4EBA88}.Debug|Any CPU.ActiveCfg = Debug|Any CPU
		{3D2C18D5-756F-4251-918A-758F4A4EBA88}.Debug|Any CPU.Build.0 = Debug|Any CPU
		{3D2C18D5-756F-4251-918A-758F4A4EBA88}.Debug|x64.ActiveCfg = Debug|Any CPU
		{3D2C18D5-756F-4251-918A-758F4A4EBA88}.Debug|x64.Build.0 = Debug|Any CPU
		{3D2C18D5-756F-4251-918A-758F4A4EBA88}.Debug|x86.ActiveCfg = Debug|Any CPU
		{3D2C18D5-756F-4251-918A-758F4A4EBA88}.Debug|x86.Build.0 = Debug|Any CPU
		{3D2C18D5-756F-4251-918A-758F4A4EBA88}.Release|Any CPU.ActiveCfg = Release|Any CPU
		{3D2C18D5-756F-4251-918A-758F4A4EBA88}.Release|Any CPU.Build.0 = Release|Any CPU
		{3D2C18D5-756F-4251-918A-758F4A4EBA88}.Release|x64.ActiveCfg = Release|Any CPU
		{3D2C18D5-756F-4251-918A-758F4A4EBA88}.Release|x64.Build.0 = Release|Any CPU
		{3D2C18D5-756F-4251-918A-758F4A4EBA88}.Release|x86.ActiveCfg = Release|Any CPU
		{3D2C18D5-756F-4251-918A-758F4A4EBA88}.Release|x86.Build.0 = Release|Any CPU
		{550F23CB-B2B9-4B97-B261-3AADB43FE3EE}.Debug|Any CPU.ActiveCfg = Debug|Any CPU
		{550F23CB-B2B9-4B97-B261-3AADB43FE3EE}.Debug|Any CPU.Build.0 = Debug|Any CPU
		{550F23CB-B2B9-4B97-B261-3AADB43FE3EE}.Debug|x64.ActiveCfg = Debug|Any CPU
		{550F23CB-B2B9-4B97-B261-3AADB43FE3EE}.Debug|x64.Build.0 = Debug|Any CPU
		{550F23CB-B2B9-4B97-B261-3AADB43FE3EE}.Debug|x86.ActiveCfg = Debug|Any CPU
		{550F23CB-B2B9-4B97-B261-3AADB43FE3EE}.Debug|x86.Build.0 = Debug|Any CPU
		{550F23CB-B2B9-4B97-B261-3AADB43FE3EE}.Release|Any CPU.ActiveCfg = Release|Any CPU
		{550F23CB-B2B9-4B97-B261-3AADB43FE3EE}.Release|Any CPU.Build.0 = Release|Any CPU
		{550F23CB-B2B9-4B97-B261-3AADB43FE3EE}.Release|x64.ActiveCfg = Release|Any CPU
		{550F23CB-B2B9-4B97-B261-3AADB43FE3EE}.Release|x64.Build.0 = Release|Any CPU
		{550F23CB-B2B9-4B97-B261-3AADB43FE3EE}.Release|x86.ActiveCfg = Release|Any CPU
		{550F23CB-B2B9-4B97-B261-3AADB43FE3EE}.Release|x86.Build.0 = Release|Any CPU
		{0B94BE13-69FD-47CB-BAF1-2806253E6975}.Debug|Any CPU.ActiveCfg = Debug|Any CPU
		{0B94BE13-69FD-47CB-BAF1-2806253E6975}.Debug|Any CPU.Build.0 = Debug|Any CPU
		{0B94BE13-69FD-47CB-BAF1-2806253E6975}.Debug|x64.ActiveCfg = Debug|Any CPU
		{0B94BE13-69FD-47CB-BAF1-2806253E6975}.Debug|x64.Build.0 = Debug|Any CPU
		{0B94BE13-69FD-47CB-BAF1-2806253E6975}.Debug|x86.ActiveCfg = Debug|Any CPU
		{0B94BE13-69FD-47CB-BAF1-2806253E6975}.Debug|x86.Build.0 = Debug|Any CPU
		{0B94BE13-69FD-47CB-BAF1-2806253E6975}.Release|Any CPU.ActiveCfg = Release|Any CPU
		{0B94BE13-69FD-47CB-BAF1-2806253E6975}.Release|Any CPU.Build.0 = Release|Any CPU
		{0B94BE13-69FD-47CB-BAF1-2806253E6975}.Release|x64.ActiveCfg = Release|Any CPU
		{0B94BE13-69FD-47CB-BAF1-2806253E6975}.Release|x64.Build.0 = Release|Any CPU
		{0B94BE13-69FD-47CB-BAF1-2806253E6975}.Release|x86.ActiveCfg = Release|Any CPU
		{0B94BE13-69FD-47CB-BAF1-2806253E6975}.Release|x86.Build.0 = Release|Any CPU
		{23B2943F-B0F8-46D6-A107-D33D0FE23C89}.Debug|Any CPU.ActiveCfg = Debug|Any CPU
		{23B2943F-B0F8-46D6-A107-D33D0FE23C89}.Debug|Any CPU.Build.0 = Debug|Any CPU
		{23B2943F-B0F8-46D6-A107-D33D0FE23C89}.Debug|x64.ActiveCfg = Debug|Any CPU
		{23B2943F-B0F8-46D6-A107-D33D0FE23C89}.Debug|x64.Build.0 = Debug|Any CPU
		{23B2943F-B0F8-46D6-A107-D33D0FE23C89}.Debug|x86.ActiveCfg = Debug|Any CPU
		{23B2943F-B0F8-46D6-A107-D33D0FE23C89}.Debug|x86.Build.0 = Debug|Any CPU
		{23B2943F-B0F8-46D6-A107-D33D0FE23C89}.Release|Any CPU.ActiveCfg = Release|Any CPU
		{23B2943F-B0F8-46D6-A107-D33D0FE23C89}.Release|Any CPU.Build.0 = Release|Any CPU
		{23B2943F-B0F8-46D6-A107-D33D0FE23C89}.Release|x64.ActiveCfg = Release|Any CPU
		{23B2943F-B0F8-46D6-A107-D33D0FE23C89}.Release|x64.Build.0 = Release|Any CPU
		{23B2943F-B0F8-46D6-A107-D33D0FE23C89}.Release|x86.ActiveCfg = Release|Any CPU
		{23B2943F-B0F8-46D6-A107-D33D0FE23C89}.Release|x86.Build.0 = Release|Any CPU
		{F8AFFC38-B518-8FCA-2A8C-7BE2C93EFBA9}.Debug|Any CPU.ActiveCfg = Debug|Any CPU
		{F8AFFC38-B518-8FCA-2A8C-7BE2C93EFBA9}.Debug|Any CPU.Build.0 = Debug|Any CPU
		{F8AFFC38-B518-8FCA-2A8C-7BE2C93EFBA9}.Debug|x64.ActiveCfg = Debug|Any CPU
		{F8AFFC38-B518-8FCA-2A8C-7BE2C93EFBA9}.Debug|x64.Build.0 = Debug|Any CPU
		{F8AFFC38-B518-8FCA-2A8C-7BE2C93EFBA9}.Debug|x86.ActiveCfg = Debug|Any CPU
		{F8AFFC38-B518-8FCA-2A8C-7BE2C93EFBA9}.Debug|x86.Build.0 = Debug|Any CPU
		{F8AFFC38-B518-8FCA-2A8C-7BE2C93EFBA9}.Release|Any CPU.ActiveCfg = Release|Any CPU
		{F8AFFC38-B518-8FCA-2A8C-7BE2C93EFBA9}.Release|Any CPU.Build.0 = Release|Any CPU
		{F8AFFC38-B518-8FCA-2A8C-7BE2C93EFBA9}.Release|x64.ActiveCfg = Release|Any CPU
		{F8AFFC38-B518-8FCA-2A8C-7BE2C93EFBA9}.Release|x64.Build.0 = Release|Any CPU
		{F8AFFC38-B518-8FCA-2A8C-7BE2C93EFBA9}.Release|x86.ActiveCfg = Release|Any CPU
		{F8AFFC38-B518-8FCA-2A8C-7BE2C93EFBA9}.Release|x86.Build.0 = Release|Any CPU
		{551B8B7B-D276-5213-CA6C-77470C6DD533}.Debug|Any CPU.ActiveCfg = Debug|Any CPU
		{551B8B7B-D276-5213-CA6C-77470C6DD533}.Debug|Any CPU.Build.0 = Debug|Any CPU
		{551B8B7B-D276-5213-CA6C-77470C6DD533}.Debug|x64.ActiveCfg = Debug|Any CPU
		{551B8B7B-D276-5213-CA6C-77470C6DD533}.Debug|x64.Build.0 = Debug|Any CPU
		{551B8B7B-D276-5213-CA6C-77470C6DD533}.Debug|x86.ActiveCfg = Debug|Any CPU
		{551B8B7B-D276-5213-CA6C-77470C6DD533}.Debug|x86.Build.0 = Debug|Any CPU
		{551B8B7B-D276-5213-CA6C-77470C6DD533}.Release|Any CPU.ActiveCfg = Release|Any CPU
		{551B8B7B-D276-5213-CA6C-77470C6DD533}.Release|Any CPU.Build.0 = Release|Any CPU
		{551B8B7B-D276-5213-CA6C-77470C6DD533}.Release|x64.ActiveCfg = Release|Any CPU
		{551B8B7B-D276-5213-CA6C-77470C6DD533}.Release|x64.Build.0 = Release|Any CPU
		{551B8B7B-D276-5213-CA6C-77470C6DD533}.Release|x86.ActiveCfg = Release|Any CPU
		{551B8B7B-D276-5213-CA6C-77470C6DD533}.Release|x86.Build.0 = Release|Any CPU
		{B0CA8B49-7D72-609B-38AC-ECCF2E71A8E2}.Debug|Any CPU.ActiveCfg = Debug|Any CPU
		{B0CA8B49-7D72-609B-38AC-ECCF2E71A8E2}.Debug|Any CPU.Build.0 = Debug|Any CPU
		{B0CA8B49-7D72-609B-38AC-ECCF2E71A8E2}.Debug|x64.ActiveCfg = Debug|Any CPU
		{B0CA8B49-7D72-609B-38AC-ECCF2E71A8E2}.Debug|x64.Build.0 = Debug|Any CPU
		{B0CA8B49-7D72-609B-38AC-ECCF2E71A8E2}.Debug|x86.ActiveCfg = Debug|Any CPU
		{B0CA8B49-7D72-609B-38AC-ECCF2E71A8E2}.Debug|x86.Build.0 = Debug|Any CPU
		{B0CA8B49-7D72-609B-38AC-ECCF2E71A8E2}.Release|Any CPU.ActiveCfg = Debug|Any CPU
		{B0CA8B49-7D72-609B-38AC-ECCF2E71A8E2}.Release|Any CPU.Build.0 = Debug|Any CPU
		{B0CA8B49-7D72-609B-38AC-ECCF2E71A8E2}.Release|x64.ActiveCfg = Debug|Any CPU
		{B0CA8B49-7D72-609B-38AC-ECCF2E71A8E2}.Release|x64.Build.0 = Debug|Any CPU
		{B0CA8B49-7D72-609B-38AC-ECCF2E71A8E2}.Release|x86.ActiveCfg = Debug|Any CPU
		{B0CA8B49-7D72-609B-38AC-ECCF2E71A8E2}.Release|x86.Build.0 = Debug|Any CPU
		{9A45F52F-F24E-78EB-E81C-AB4BAECC96C5}.Debug|Any CPU.ActiveCfg = Debug|Any CPU
		{9A45F52F-F24E-78EB-E81C-AB4BAECC96C5}.Debug|Any CPU.Build.0 = Debug|Any CPU
		{9A45F52F-F24E-78EB-E81C-AB4BAECC96C5}.Debug|x64.ActiveCfg = Debug|Any CPU
		{9A45F52F-F24E-78EB-E81C-AB4BAECC96C5}.Debug|x64.Build.0 = Debug|Any CPU
		{9A45F52F-F24E-78EB-E81C-AB4BAECC96C5}.Debug|x86.ActiveCfg = Debug|Any CPU
		{9A45F52F-F24E-78EB-E81C-AB4BAECC96C5}.Debug|x86.Build.0 = Debug|Any CPU
		{9A45F52F-F24E-78EB-E81C-AB4BAECC96C5}.Release|Any CPU.ActiveCfg = Debug|Any CPU
		{9A45F52F-F24E-78EB-E81C-AB4BAECC96C5}.Release|Any CPU.Build.0 = Debug|Any CPU
		{9A45F52F-F24E-78EB-E81C-AB4BAECC96C5}.Release|x64.ActiveCfg = Debug|Any CPU
		{9A45F52F-F24E-78EB-E81C-AB4BAECC96C5}.Release|x64.Build.0 = Debug|Any CPU
		{9A45F52F-F24E-78EB-E81C-AB4BAECC96C5}.Release|x86.ActiveCfg = Debug|Any CPU
		{9A45F52F-F24E-78EB-E81C-AB4BAECC96C5}.Release|x86.Build.0 = Debug|Any CPU
		{7DA23CD1-660A-A9C7-DD64-AFECEC045D9C}.Debug|Any CPU.ActiveCfg = Debug|Any CPU
		{7DA23CD1-660A-A9C7-DD64-AFECEC045D9C}.Debug|Any CPU.Build.0 = Debug|Any CPU
		{7DA23CD1-660A-A9C7-DD64-AFECEC045D9C}.Debug|x64.ActiveCfg = Debug|Any CPU
		{7DA23CD1-660A-A9C7-DD64-AFECEC045D9C}.Debug|x64.Build.0 = Debug|Any CPU
		{7DA23CD1-660A-A9C7-DD64-AFECEC045D9C}.Debug|x86.ActiveCfg = Debug|Any CPU
		{7DA23CD1-660A-A9C7-DD64-AFECEC045D9C}.Debug|x86.Build.0 = Debug|Any CPU
		{7DA23CD1-660A-A9C7-DD64-AFECEC045D9C}.Release|Any CPU.ActiveCfg = Debug|Any CPU
		{7DA23CD1-660A-A9C7-DD64-AFECEC045D9C}.Release|Any CPU.Build.0 = Debug|Any CPU
		{7DA23CD1-660A-A9C7-DD64-AFECEC045D9C}.Release|x64.ActiveCfg = Debug|Any CPU
		{7DA23CD1-660A-A9C7-DD64-AFECEC045D9C}.Release|x64.Build.0 = Debug|Any CPU
		{7DA23CD1-660A-A9C7-DD64-AFECEC045D9C}.Release|x86.ActiveCfg = Debug|Any CPU
		{7DA23CD1-660A-A9C7-DD64-AFECEC045D9C}.Release|x86.Build.0 = Debug|Any CPU
		{4BA80C58-4CD0-B1E2-FE75-EAFA42BCA495}.Debug|Any CPU.ActiveCfg = Debug|Any CPU
		{4BA80C58-4CD0-B1E2-FE75-EAFA42BCA495}.Debug|Any CPU.Build.0 = Debug|Any CPU
		{4BA80C58-4CD0-B1E2-FE75-EAFA42BCA495}.Debug|x64.ActiveCfg = Debug|Any CPU
		{4BA80C58-4CD0-B1E2-FE75-EAFA42BCA495}.Debug|x64.Build.0 = Debug|Any CPU
		{4BA80C58-4CD0-B1E2-FE75-EAFA42BCA495}.Debug|x86.ActiveCfg = Debug|Any CPU
		{4BA80C58-4CD0-B1E2-FE75-EAFA42BCA495}.Debug|x86.Build.0 = Debug|Any CPU
		{4BA80C58-4CD0-B1E2-FE75-EAFA42BCA495}.Release|Any CPU.ActiveCfg = Debug|Any CPU
		{4BA80C58-4CD0-B1E2-FE75-EAFA42BCA495}.Release|Any CPU.Build.0 = Debug|Any CPU
		{4BA80C58-4CD0-B1E2-FE75-EAFA42BCA495}.Release|x64.ActiveCfg = Debug|Any CPU
		{4BA80C58-4CD0-B1E2-FE75-EAFA42BCA495}.Release|x64.Build.0 = Debug|Any CPU
		{4BA80C58-4CD0-B1E2-FE75-EAFA42BCA495}.Release|x86.ActiveCfg = Debug|Any CPU
		{4BA80C58-4CD0-B1E2-FE75-EAFA42BCA495}.Release|x86.Build.0 = Debug|Any CPU
		{3814F031-5486-3FCD-BC36-FF5A25439C08}.Debug|Any CPU.ActiveCfg = Debug|Any CPU
		{3814F031-5486-3FCD-BC36-FF5A25439C08}.Debug|Any CPU.Build.0 = Debug|Any CPU
		{3814F031-5486-3FCD-BC36-FF5A25439C08}.Debug|x64.ActiveCfg = Debug|Any CPU
		{3814F031-5486-3FCD-BC36-FF5A25439C08}.Debug|x64.Build.0 = Debug|Any CPU
		{3814F031-5486-3FCD-BC36-FF5A25439C08}.Debug|x86.ActiveCfg = Debug|Any CPU
		{3814F031-5486-3FCD-BC36-FF5A25439C08}.Debug|x86.Build.0 = Debug|Any CPU
		{3814F031-5486-3FCD-BC36-FF5A25439C08}.Release|Any CPU.ActiveCfg = Release|Any CPU
		{3814F031-5486-3FCD-BC36-FF5A25439C08}.Release|Any CPU.Build.0 = Release|Any CPU
		{3814F031-5486-3FCD-BC36-FF5A25439C08}.Release|x64.ActiveCfg = Release|Any CPU
		{3814F031-5486-3FCD-BC36-FF5A25439C08}.Release|x64.Build.0 = Release|Any CPU
		{3814F031-5486-3FCD-BC36-FF5A25439C08}.Release|x86.ActiveCfg = Release|Any CPU
		{3814F031-5486-3FCD-BC36-FF5A25439C08}.Release|x86.Build.0 = Release|Any CPU
		{B0D2DD50-6FBE-9BA8-5EA1-CF120789BD13}.Debug|Any CPU.ActiveCfg = Debug|Any CPU
		{B0D2DD50-6FBE-9BA8-5EA1-CF120789BD13}.Debug|Any CPU.Build.0 = Debug|Any CPU
		{B0D2DD50-6FBE-9BA8-5EA1-CF120789BD13}.Debug|x64.ActiveCfg = Debug|Any CPU
		{B0D2DD50-6FBE-9BA8-5EA1-CF120789BD13}.Debug|x64.Build.0 = Debug|Any CPU
		{B0D2DD50-6FBE-9BA8-5EA1-CF120789BD13}.Debug|x86.ActiveCfg = Debug|Any CPU
		{B0D2DD50-6FBE-9BA8-5EA1-CF120789BD13}.Debug|x86.Build.0 = Debug|Any CPU
		{B0D2DD50-6FBE-9BA8-5EA1-CF120789BD13}.Release|Any CPU.ActiveCfg = Release|Any CPU
		{B0D2DD50-6FBE-9BA8-5EA1-CF120789BD13}.Release|Any CPU.Build.0 = Release|Any CPU
		{B0D2DD50-6FBE-9BA8-5EA1-CF120789BD13}.Release|x64.ActiveCfg = Release|Any CPU
		{B0D2DD50-6FBE-9BA8-5EA1-CF120789BD13}.Release|x64.Build.0 = Release|Any CPU
		{B0D2DD50-6FBE-9BA8-5EA1-CF120789BD13}.Release|x86.ActiveCfg = Release|Any CPU
		{B0D2DD50-6FBE-9BA8-5EA1-CF120789BD13}.Release|x86.Build.0 = Release|Any CPU
		{73A61D41-ADDC-D390-6B1B-7168D2CA9E4E}.Debug|Any CPU.ActiveCfg = Debug|Any CPU
		{73A61D41-ADDC-D390-6B1B-7168D2CA9E4E}.Debug|Any CPU.Build.0 = Debug|Any CPU
		{73A61D41-ADDC-D390-6B1B-7168D2CA9E4E}.Debug|x64.ActiveCfg = Debug|Any CPU
		{73A61D41-ADDC-D390-6B1B-7168D2CA9E4E}.Debug|x64.Build.0 = Debug|Any CPU
		{73A61D41-ADDC-D390-6B1B-7168D2CA9E4E}.Debug|x86.ActiveCfg = Debug|Any CPU
		{73A61D41-ADDC-D390-6B1B-7168D2CA9E4E}.Debug|x86.Build.0 = Debug|Any CPU
		{73A61D41-ADDC-D390-6B1B-7168D2CA9E4E}.Release|Any CPU.ActiveCfg = Release|Any CPU
		{73A61D41-ADDC-D390-6B1B-7168D2CA9E4E}.Release|Any CPU.Build.0 = Release|Any CPU
		{73A61D41-ADDC-D390-6B1B-7168D2CA9E4E}.Release|x64.ActiveCfg = Release|Any CPU
		{73A61D41-ADDC-D390-6B1B-7168D2CA9E4E}.Release|x64.Build.0 = Release|Any CPU
		{73A61D41-ADDC-D390-6B1B-7168D2CA9E4E}.Release|x86.ActiveCfg = Release|Any CPU
		{73A61D41-ADDC-D390-6B1B-7168D2CA9E4E}.Release|x86.Build.0 = Release|Any CPU
		{7241420F-E1E7-ED73-C470-E576D31716AF}.Debug|Any CPU.ActiveCfg = Debug|Any CPU
		{7241420F-E1E7-ED73-C470-E576D31716AF}.Debug|Any CPU.Build.0 = Debug|Any CPU
		{7241420F-E1E7-ED73-C470-E576D31716AF}.Debug|x64.ActiveCfg = Debug|Any CPU
		{7241420F-E1E7-ED73-C470-E576D31716AF}.Debug|x64.Build.0 = Debug|Any CPU
		{7241420F-E1E7-ED73-C470-E576D31716AF}.Debug|x86.ActiveCfg = Debug|Any CPU
		{7241420F-E1E7-ED73-C470-E576D31716AF}.Debug|x86.Build.0 = Debug|Any CPU
		{7241420F-E1E7-ED73-C470-E576D31716AF}.Release|Any CPU.ActiveCfg = Release|Any CPU
		{7241420F-E1E7-ED73-C470-E576D31716AF}.Release|Any CPU.Build.0 = Release|Any CPU
		{7241420F-E1E7-ED73-C470-E576D31716AF}.Release|x64.ActiveCfg = Release|Any CPU
		{7241420F-E1E7-ED73-C470-E576D31716AF}.Release|x64.Build.0 = Release|Any CPU
		{7241420F-E1E7-ED73-C470-E576D31716AF}.Release|x86.ActiveCfg = Release|Any CPU
		{7241420F-E1E7-ED73-C470-E576D31716AF}.Release|x86.Build.0 = Release|Any CPU
		{6276ACE1-3937-9623-3057-AACAB088B366}.Debug|Any CPU.ActiveCfg = Debug|Any CPU
		{6276ACE1-3937-9623-3057-AACAB088B366}.Debug|Any CPU.Build.0 = Debug|Any CPU
		{6276ACE1-3937-9623-3057-AACAB088B366}.Debug|x64.ActiveCfg = Debug|Any CPU
		{6276ACE1-3937-9623-3057-AACAB088B366}.Debug|x64.Build.0 = Debug|Any CPU
		{6276ACE1-3937-9623-3057-AACAB088B366}.Debug|x86.ActiveCfg = Debug|Any CPU
		{6276ACE1-3937-9623-3057-AACAB088B366}.Debug|x86.Build.0 = Debug|Any CPU
		{6276ACE1-3937-9623-3057-AACAB088B366}.Release|Any CPU.ActiveCfg = Release|Any CPU
		{6276ACE1-3937-9623-3057-AACAB088B366}.Release|Any CPU.Build.0 = Release|Any CPU
		{6276ACE1-3937-9623-3057-AACAB088B366}.Release|x64.ActiveCfg = Release|Any CPU
		{6276ACE1-3937-9623-3057-AACAB088B366}.Release|x64.Build.0 = Release|Any CPU
		{6276ACE1-3937-9623-3057-AACAB088B366}.Release|x86.ActiveCfg = Release|Any CPU
		{6276ACE1-3937-9623-3057-AACAB088B366}.Release|x86.Build.0 = Release|Any CPU
		{46834B19-B9B8-3920-C345-0F0A0DE3F7F6}.Debug|Any CPU.ActiveCfg = Debug|Any CPU
		{46834B19-B9B8-3920-C345-0F0A0DE3F7F6}.Debug|Any CPU.Build.0 = Debug|Any CPU
		{46834B19-B9B8-3920-C345-0F0A0DE3F7F6}.Debug|x64.ActiveCfg = Debug|Any CPU
		{46834B19-B9B8-3920-C345-0F0A0DE3F7F6}.Debug|x64.Build.0 = Debug|Any CPU
		{46834B19-B9B8-3920-C345-0F0A0DE3F7F6}.Debug|x86.ActiveCfg = Debug|Any CPU
		{46834B19-B9B8-3920-C345-0F0A0DE3F7F6}.Debug|x86.Build.0 = Debug|Any CPU
		{46834B19-B9B8-3920-C345-0F0A0DE3F7F6}.Release|Any CPU.ActiveCfg = Release|Any CPU
		{46834B19-B9B8-3920-C345-0F0A0DE3F7F6}.Release|Any CPU.Build.0 = Release|Any CPU
		{46834B19-B9B8-3920-C345-0F0A0DE3F7F6}.Release|x64.ActiveCfg = Release|Any CPU
		{46834B19-B9B8-3920-C345-0F0A0DE3F7F6}.Release|x64.Build.0 = Release|Any CPU
		{46834B19-B9B8-3920-C345-0F0A0DE3F7F6}.Release|x86.ActiveCfg = Release|Any CPU
		{46834B19-B9B8-3920-C345-0F0A0DE3F7F6}.Release|x86.Build.0 = Release|Any CPU
		{D2C2E7CE-302F-182E-D163-F251D1239B01}.Debug|Any CPU.ActiveCfg = Debug|Any CPU
		{D2C2E7CE-302F-182E-D163-F251D1239B01}.Debug|Any CPU.Build.0 = Debug|Any CPU
		{D2C2E7CE-302F-182E-D163-F251D1239B01}.Debug|x64.ActiveCfg = Debug|Any CPU
		{D2C2E7CE-302F-182E-D163-F251D1239B01}.Debug|x64.Build.0 = Debug|Any CPU
		{D2C2E7CE-302F-182E-D163-F251D1239B01}.Debug|x86.ActiveCfg = Debug|Any CPU
		{D2C2E7CE-302F-182E-D163-F251D1239B01}.Debug|x86.Build.0 = Debug|Any CPU
		{D2C2E7CE-302F-182E-D163-F251D1239B01}.Release|Any CPU.ActiveCfg = Release|Any CPU
		{D2C2E7CE-302F-182E-D163-F251D1239B01}.Release|Any CPU.Build.0 = Release|Any CPU
		{D2C2E7CE-302F-182E-D163-F251D1239B01}.Release|x64.ActiveCfg = Release|Any CPU
		{D2C2E7CE-302F-182E-D163-F251D1239B01}.Release|x64.Build.0 = Release|Any CPU
		{D2C2E7CE-302F-182E-D163-F251D1239B01}.Release|x86.ActiveCfg = Release|Any CPU
		{D2C2E7CE-302F-182E-D163-F251D1239B01}.Release|x86.Build.0 = Release|Any CPU
		{47256CFA-31F8-42A1-ED2F-3429B537A473}.Debug|Any CPU.ActiveCfg = Debug|Any CPU
		{47256CFA-31F8-42A1-ED2F-3429B537A473}.Debug|Any CPU.Build.0 = Debug|Any CPU
		{47256CFA-31F8-42A1-ED2F-3429B537A473}.Debug|x64.ActiveCfg = Debug|Any CPU
		{47256CFA-31F8-42A1-ED2F-3429B537A473}.Debug|x64.Build.0 = Debug|Any CPU
		{47256CFA-31F8-42A1-ED2F-3429B537A473}.Debug|x86.ActiveCfg = Debug|Any CPU
		{47256CFA-31F8-42A1-ED2F-3429B537A473}.Debug|x86.Build.0 = Debug|Any CPU
		{47256CFA-31F8-42A1-ED2F-3429B537A473}.Release|Any CPU.ActiveCfg = Release|Any CPU
		{47256CFA-31F8-42A1-ED2F-3429B537A473}.Release|Any CPU.Build.0 = Release|Any CPU
		{47256CFA-31F8-42A1-ED2F-3429B537A473}.Release|x64.ActiveCfg = Release|Any CPU
		{47256CFA-31F8-42A1-ED2F-3429B537A473}.Release|x64.Build.0 = Release|Any CPU
		{47256CFA-31F8-42A1-ED2F-3429B537A473}.Release|x86.ActiveCfg = Release|Any CPU
		{47256CFA-31F8-42A1-ED2F-3429B537A473}.Release|x86.Build.0 = Release|Any CPU
		{B3F0107B-6FF3-0238-D54E-22BD52A63B5F}.Debug|Any CPU.ActiveCfg = Debug|Any CPU
		{B3F0107B-6FF3-0238-D54E-22BD52A63B5F}.Debug|Any CPU.Build.0 = Debug|Any CPU
		{B3F0107B-6FF3-0238-D54E-22BD52A63B5F}.Debug|x64.ActiveCfg = Debug|Any CPU
		{B3F0107B-6FF3-0238-D54E-22BD52A63B5F}.Debug|x64.Build.0 = Debug|Any CPU
		{B3F0107B-6FF3-0238-D54E-22BD52A63B5F}.Debug|x86.ActiveCfg = Debug|Any CPU
		{B3F0107B-6FF3-0238-D54E-22BD52A63B5F}.Debug|x86.Build.0 = Debug|Any CPU
		{B3F0107B-6FF3-0238-D54E-22BD52A63B5F}.Release|Any CPU.ActiveCfg = Release|Any CPU
		{B3F0107B-6FF3-0238-D54E-22BD52A63B5F}.Release|Any CPU.Build.0 = Release|Any CPU
		{B3F0107B-6FF3-0238-D54E-22BD52A63B5F}.Release|x64.ActiveCfg = Release|Any CPU
		{B3F0107B-6FF3-0238-D54E-22BD52A63B5F}.Release|x64.Build.0 = Release|Any CPU
		{B3F0107B-6FF3-0238-D54E-22BD52A63B5F}.Release|x86.ActiveCfg = Release|Any CPU
		{B3F0107B-6FF3-0238-D54E-22BD52A63B5F}.Release|x86.Build.0 = Release|Any CPU
	EndGlobalSection
	GlobalSection(SolutionProperties) = preSolution
		HideSolutionNode = FALSE
	EndGlobalSection
	GlobalSection(ExtensibilityGlobals) = postSolution
		SolutionGuid = {BABB9AE0-20BA-4BDE-8408-B9C3E23A7C8B}
	EndGlobalSection
EndGlobal
