
Microsoft Visual Studio Solution File, Format Version 12.00
# Visual Studio Version 17
VisualStudioVersion = 17.14.36301.6
MinimumVisualStudioVersion = 10.0.40219.1
Project("{FAE04EC0-301F-11D3-BF4B-00C04F79EFBC}") = "AgentPortalGatewayService", "AgentPortalGatewayService\AgentPortalGatewayService.csproj", "{71E779BA-0133-42F9-B204-969A5E974E9D}"
EndProject
Project("{FAE04EC0-301F-11D3-BF4B-00C04F79EFBC}") = "AgentPortalGatewayService.Api", "AgentPortalGatewayService.Api\AgentPortalGatewayService.Api.csproj", "{A4C76392-27BC-4AD9-B8B3-3349FBA6B567}"
EndProject
Project("{FAE04EC0-301F-11D3-BF4B-00C04F79EFBC}") = "AgentPortalGatewayService.Test", "AgentPortalGatewayService.Test\AgentPortalGatewayService.Test.csproj", "{58782B28-0B01-480A-918A-C4FC12461942}"
EndProject
Project("{FAE04EC0-301F-11D3-BF4B-00C04F79EFBC}") = "AuthService.Api", "AuthService.Api\AuthService.Api.csproj", "{4964431C-223C-4139-A57C-5B86E41CCB88}"
EndProject
Project("{FAE04EC0-301F-11D3-BF4B-00C04F79EFBC}") = "AuthService.Test", "AuthService.Test\AuthService.Test.csproj", "{87C21036-80AF-4D18-99F3-B6B049CF9DC6}"
EndProject
Project("{FAE04EC0-301F-11D3-BF4B-00C04F79EFBC}") = "ChatService.Test", "ChatService.Test\ChatService.Test.csproj", "{16DE6DD2-FBF9-469E-B9C3-4A1099484AFC}"
EndProject
Project("{FAE04EC0-301F-11D3-BF4B-00C04F79EFBC}") = "DocumentService", "DocumentService\DocumentService.csproj", "{2FDCDD7B-EC53-4A62-B49E-99AF8A3C2D6B}"
EndProject
Project("{FAE04EC0-301F-11D3-BF4B-00C04F79EFBC}") = "DocumentService.Api", "DocumentService.Api\DocumentService.Api.csproj", "{ED2CBE6F-5A83-4A54-A13D-C1C174DD724E}"
EndProject
Project("{FAE04EC0-301F-11D3-BF4B-00C04F79EFBC}") = "DocumentService.Test", "DocumentService.Test\DocumentService.Test.csproj", "{41CD52E1-BEFE-49BA-87DD-A211A362E46B}"
EndProject
Project("{E24C65DC-7377-472B-9ABA-BC803B73C61A}") = "postgres", "..\package\postgres\postgres\", "{9A45F52F-F24E-78EB-E81C-AB4BAECC96C5}"
	ProjectSection(WebsiteProperties) = preProject
		TargetFrameworkMoniker = ".NETFramework,Version%3Dv4.0"
		Debug.AspNetCompiler.VirtualPath = "/localhost_56887"
		Debug.AspNetCompiler.PhysicalPath = "..\package\postgres\postgres\"
		Debug.AspNetCompiler.TargetPath = "PrecompiledWeb\localhost_56887\"
		Debug.AspNetCompiler.Updateable = "true"
		Debug.AspNetCompiler.ForceOverwrite = "true"
		Debug.AspNetCompiler.FixedNames = "false"
		Debug.AspNetCompiler.Debug = "True"
		Release.AspNetCompiler.VirtualPath = "/localhost_56887"
		Release.AspNetCompiler.PhysicalPath = "..\package\postgres\postgres\"
		Release.AspNetCompiler.TargetPath = "PrecompiledWeb\localhost_56887\"
		Release.AspNetCompiler.Updateable = "true"
		Release.AspNetCompiler.ForceOverwrite = "true"
		Release.AspNetCompiler.FixedNames = "false"
		Release.AspNetCompiler.Debug = "False"
		VWDPort = "56887"
		SlnRelativePath = "..\package\postgres\postgres\"
	EndProjectSection
EndProject
Project("{E24C65DC-7377-472B-9ABA-BC803B73C61A}") = "scripts", "..\package\scripts\scripts\", "{7DA23CD1-660A-A9C7-DD64-AFECEC045D9C}"
	ProjectSection(WebsiteProperties) = preProject
		TargetFrameworkMoniker = ".NETFramework,Version%3Dv4.0"
		Debug.AspNetCompiler.VirtualPath = "/localhost_64613"
		Debug.AspNetCompiler.PhysicalPath = "..\package\scripts\scripts\"
		Debug.AspNetCompiler.TargetPath = "PrecompiledWeb\localhost_64613\"
		Debug.AspNetCompiler.Updateable = "true"
		Debug.AspNetCompiler.ForceOverwrite = "true"
		Debug.AspNetCompiler.FixedNames = "false"
		Debug.AspNetCompiler.Debug = "True"
		Release.AspNetCompiler.VirtualPath = "/localhost_64613"
		Release.AspNetCompiler.PhysicalPath = "..\package\scripts\scripts\"
		Release.AspNetCompiler.TargetPath = "PrecompiledWeb\localhost_64613\"
		Release.AspNetCompiler.Updateable = "true"
		Release.AspNetCompiler.ForceOverwrite = "true"
		Release.AspNetCompiler.FixedNames = "false"
		Release.AspNetCompiler.Debug = "False"
		VWDPort = "64613"
		SlnRelativePath = "..\package\scripts\scripts\"
	EndProjectSection
EndProject
Project("{E24C65DC-7377-472B-9ABA-BC803B73C61A}") = "Web", "..\package\Web\Web\", "{4BA80C58-4CD0-B1E2-FE75-EAFA42BCA495}"
	ProjectSection(WebsiteProperties) = preProject
		TargetFrameworkMoniker = ".NETFramework,Version%3Dv4.0"
		Debug.AspNetCompiler.VirtualPath = "/localhost_64616"
		Debug.AspNetCompiler.PhysicalPath = "..\package\Web\Web\"
		Debug.AspNetCompiler.TargetPath = "PrecompiledWeb\localhost_64616\"
		Debug.AspNetCompiler.Updateable = "true"
		Debug.AspNetCompiler.ForceOverwrite = "true"
		Debug.AspNetCompiler.FixedNames = "false"
		Debug.AspNetCompiler.Debug = "True"
		Release.AspNetCompiler.VirtualPath = "/localhost_64616"
		Release.AspNetCompiler.PhysicalPath = "..\package\Web\Web\"
		Release.AspNetCompiler.TargetPath = "PrecompiledWeb\localhost_64616\"
		Release.AspNetCompiler.Updateable = "true"
		Release.AspNetCompiler.ForceOverwrite = "true"
		Release.AspNetCompiler.FixedNames = "false"
		Release.AspNetCompiler.Debug = "False"
		VWDPort = "64616"
		SlnRelativePath = "..\package\Web\Web\"
	EndProjectSection
EndProject
Project("{E24C65DC-7377-472B-9ABA-BC803B73C61A}") = "eureka-server", "..\package\eureka-server\", "{75B35115-AD99-5C3E-DA97-9438F0FA73E6}"
	ProjectSection(WebsiteProperties) = preProject
		TargetFrameworkMoniker = ".NETFramework,Version%3Dv4.0"
		Debug.AspNetCompiler.VirtualPath = "/localhost_64784"
		Debug.AspNetCompiler.PhysicalPath = "..\package\eureka-server\"
		Debug.AspNetCompiler.TargetPath = "PrecompiledWeb\localhost_64784\"
		Debug.AspNetCompiler.Updateable = "true"
		Debug.AspNetCompiler.ForceOverwrite = "true"
		Debug.AspNetCompiler.FixedNames = "false"
		Debug.AspNetCompiler.Debug = "True"
		Release.AspNetCompiler.VirtualPath = "/localhost_64784"
		Release.AspNetCompiler.PhysicalPath = "..\package\eureka-server\"
		Release.AspNetCompiler.TargetPath = "PrecompiledWeb\localhost_64784\"
		Release.AspNetCompiler.Updateable = "true"
		Release.AspNetCompiler.ForceOverwrite = "true"
		Release.AspNetCompiler.FixedNames = "false"
		Release.AspNetCompiler.Debug = "False"
		VWDPort = "64784"
		SlnRelativePath = "..\package\eureka-server\"
	EndProjectSection
EndProject
Project("{FAE04EC0-301F-11D3-BF4B-00C04F79EFBC}") = "PolicySearchService.Test", "PolicySearchService.Test\PolicySearchService.Test.csproj", "{34F6CC46-066B-9B45-CA08-6E8F3F170034}"
EndProject
Project("{FAE04EC0-301F-11D3-BF4B-00C04F79EFBC}") = "AgentPortalApiGateway", "AgentPortalApiGateway\AgentPortalApiGateway.csproj", "{8BDED974-C717-428C-D7B1-F1A2AF4831F1}"
EndProject
Project("{FAE04EC0-301F-11D3-BF4B-00C04F79EFBC}") = "BlazorWasmClient", "BlazorWasmClient\BlazorWasmClient.csproj", "{8F4F382E-0D66-134B-BD47-51268FCFBA19}"
EndProject
Project("{FAE04EC0-301F-11D3-BF4B-00C04F79EFBC}") = "PolicySearchService.Api", "PolicySearchService.Api\PolicySearchService.Api.csproj", "{2C670D3A-0567-C4FA-0C25-33C5B1E3DD09}"
EndProject
Project("{FAE04EC0-301F-11D3-BF4B-00C04F79EFBC}") = "PolicyService.Api", "PolicyService.Api\PolicyService.Api.csproj", "{F2359B45-5A76-DAC1-CE22-F700277D1BBA}"
EndProject
Project("{FAE04EC0-301F-11D3-BF4B-00C04F79EFBC}") = "PolicyService", "PolicyService\PolicyService.csproj", "{0376ABBC-B0CA-D498-83E2-33A2F4F6182A}"
EndProject
Project("{FAE04EC0-301F-11D3-BF4B-00C04F79EFBC}") = "PolicyService.Test", "PolicyService.Test\PolicyService.Test.csproj", "{165F78C5-A3D7-B031-BEF7-FA054423AEA6}"
EndProject
Project("{FAE04EC0-301F-11D3-BF4B-00C04F79EFBC}") = "PricingService", "PricingService\PricingService.csproj", "{12E328EC-7DE6-DEF2-A111-1BC5A703BC1F}"
EndProject
Project("{FAE04EC0-301F-11D3-BF4B-00C04F79EFBC}") = "PricingService.Api", "PricingService.Api\PricingService.Api.csproj", "{E1BF8FC1-D2FB-B7F7-A0A4-F26308A5148F}"
EndProject
Project("{FAE04EC0-301F-11D3-BF4B-00C04F79EFBC}") = "PricingService.IntegrationTest", "PricingService.IntegrationTest\PricingService.IntegrationTest.csproj", "{54BADB52-6CD6-94C6-B6FA-E0A7D539B9EF}"
EndProject
Project("{FAE04EC0-301F-11D3-BF4B-00C04F79EFBC}") = "PricingService.Test", "PricingService.Test\PricingService.Test.csproj", "{25FFA9DB-EDB2-AF0D-08AD-F27526313D17}"
EndProject
Project("{FAE04EC0-301F-11D3-BF4B-00C04F79EFBC}") = "AuthService", "AuthService\AuthService.csproj", "{6CDAB7B3-DE4F-6FF5-06F0-D824F083F1AF}"
EndProject
Project("{FAE04EC0-301F-11D3-BF4B-00C04F79EFBC}") = "ChatService.Api", "ChatService.Api\ChatService.Api.csproj", "{BCB534B7-739E-96EC-BFCE-5D5A7A12A36F}"
EndProject
Project("{FAE04EC0-301F-11D3-BF4B-00C04F79EFBC}") = "ChatService", "ChatService\ChatService.csproj", "{AC1CD003-DC72-C90D-BDA0-207A89E186BC}"
EndProject
Project("{FAE04EC0-301F-11D3-BF4B-00C04F79EFBC}") = "DashboardService", "DashboardService\DashboardService.csproj", "{EDE85D92-590F-3D65-5534-7D3948744F78}"
EndProject
Project("{FAE04EC0-301F-11D3-BF4B-00C04F79EFBC}") = "DashboardService.Api", "DashboardService.Api\DashboardService.Api.csproj", "{A039143E-4A2A-DD22-EC03-771879B0D08A}"
EndProject
Project("{FAE04EC0-301F-11D3-BF4B-00C04F79EFBC}") = "DashboardService.Test", "DashboardService.Test\DashboardService.Test.csproj", "{97651EA6-1D21-3D5D-8AD0-AABA198F3CC9}"
EndProject
Project("{FAE04EC0-301F-11D3-BF4B-00C04F79EFBC}") = "PaymentService", "PaymentService\PaymentService.csproj", "{7DDA886F-7022-E231-A5D2-8BDF0FBB44D6}"
EndProject
Project("{FAE04EC0-301F-11D3-BF4B-00C04F79EFBC}") = "PaymentService.Api", "PaymentService.Api\PaymentService.Api.csproj", "{D23C3245-50E8-014D-414F-8DE5873F3DB6}"
EndProject
Project("{FAE04EC0-301F-11D3-BF4B-00C04F79EFBC}") = "PaymentService.Test", "PaymentService.Test\PaymentService.Test.csproj", "{E51C7E77-318E-9383-5070-24E8B08C8DA8}"
EndProject
Project("{FAE04EC0-301F-11D3-BF4B-00C04F79EFBC}") = "ProductService", "ProductService\ProductService.csproj", "{6BB5A0E4-A3ED-EBD8-B86F-21996AABC09A}"
EndProject
Project("{FAE04EC0-301F-11D3-BF4B-00C04F79EFBC}") = "ProductService.Api", "ProductService.Api\ProductService.Api.csproj", "{948B931E-367A-A688-41D9-22F99794D491}"
EndProject
Project("{FAE04EC0-301F-11D3-BF4B-00C04F79EFBC}") = "ProductService.Test", "ProductService.Test\ProductService.Test.csproj", "{6D66FB2E-78BC-2590-8478-7EE7A290EBD1}"
EndProject
Project("{FAE04EC0-301F-11D3-BF4B-00C04F79EFBC}") = "PolicySearchService", "PolicySearchService\PolicySearchService.csproj", "{B3E6729F-40CD-2D44-A57D-0F5C044B2607}"
EndProject
Global
	GlobalSection(SolutionConfigurationPlatforms) = preSolution
		Debug|Any CPU = Debug|Any CPU
		Debug|x64 = Debug|x64
		Debug|x86 = Debug|x86
		Release|Any CPU = Release|Any CPU
		Release|x64 = Release|x64
		Release|x86 = Release|x86
	EndGlobalSection
	GlobalSection(ProjectConfigurationPlatforms) = postSolution
		{71E779BA-0133-42F9-B204-969A5E974E9D}.Debug|Any CPU.ActiveCfg = Debug|Any CPU
		{71E779BA-0133-42F9-B204-969A5E974E9D}.Debug|Any CPU.Build.0 = Debug|Any CPU
		{71E779BA-0133-42F9-B204-969A5E974E9D}.Debug|x64.ActiveCfg = Debug|Any CPU
		{71E779BA-0133-42F9-B204-969A5E974E9D}.Debug|x64.Build.0 = Debug|Any CPU
		{71E779BA-0133-42F9-B204-969A5E974E9D}.Debug|x86.ActiveCfg = Debug|Any CPU
		{71E779BA-0133-42F9-B204-969A5E974E9D}.Debug|x86.Build.0 = Debug|Any CPU
		{71E779BA-0133-42F9-B204-969A5E974E9D}.Release|Any CPU.ActiveCfg = Release|Any CPU
		{71E779BA-0133-42F9-B204-969A5E974E9D}.Release|Any CPU.Build.0 = Release|Any CPU
		{71E779BA-0133-42F9-B204-969A5E974E9D}.Release|x64.ActiveCfg = Release|Any CPU
		{71E779BA-0133-42F9-B204-969A5E974E9D}.Release|x64.Build.0 = Release|Any CPU
		{71E779BA-0133-42F9-B204-969A5E974E9D}.Release|x86.ActiveCfg = Release|Any CPU
		{71E779BA-0133-42F9-B204-969A5E974E9D}.Release|x86.Build.0 = Release|Any CPU
		{A4C76392-27BC-4AD9-B8B3-3349FBA6B567}.Debug|Any CPU.ActiveCfg = Debug|Any CPU
		{A4C76392-27BC-4AD9-B8B3-3349FBA6B567}.Debug|Any CPU.Build.0 = Debug|Any CPU
		{A4C76392-27BC-4AD9-B8B3-3349FBA6B567}.Debug|x64.ActiveCfg = Debug|Any CPU
		{A4C76392-27BC-4AD9-B8B3-3349FBA6B567}.Debug|x64.Build.0 = Debug|Any CPU
		{A4C76392-27BC-4AD9-B8B3-3349FBA6B567}.Debug|x86.ActiveCfg = Debug|Any CPU
		{A4C76392-27BC-4AD9-B8B3-3349FBA6B567}.Debug|x86.Build.0 = Debug|Any CPU
		{A4C76392-27BC-4AD9-B8B3-3349FBA6B567}.Release|Any CPU.ActiveCfg = Release|Any CPU
		{A4C76392-27BC-4AD9-B8B3-3349FBA6B567}.Release|Any CPU.Build.0 = Release|Any CPU
		{A4C76392-27BC-4AD9-B8B3-3349FBA6B567}.Release|x64.ActiveCfg = Release|Any CPU
		{A4C76392-27BC-4AD9-B8B3-3349FBA6B567}.Release|x64.Build.0 = Release|Any CPU
		{A4C76392-27BC-4AD9-B8B3-3349FBA6B567}.Release|x86.ActiveCfg = Release|Any CPU
		{A4C76392-27BC-4AD9-B8B3-3349FBA6B567}.Release|x86.Build.0 = Release|Any CPU
		{58782B28-0B01-480A-918A-C4FC12461942}.Debug|Any CPU.ActiveCfg = Debug|Any CPU
		{58782B28-0B01-480A-918A-C4FC12461942}.Debug|Any CPU.Build.0 = Debug|Any CPU
		{58782B28-0B01-480A-918A-C4FC12461942}.Debug|x64.ActiveCfg = Debug|Any CPU
		{58782B28-0B01-480A-918A-C4FC12461942}.Debug|x64.Build.0 = Debug|Any CPU
		{58782B28-0B01-480A-918A-C4FC12461942}.Debug|x86.ActiveCfg = Debug|Any CPU
		{58782B28-0B01-480A-918A-C4FC12461942}.Debug|x86.Build.0 = Debug|Any CPU
		{58782B28-0B01-480A-918A-C4FC12461942}.Release|Any CPU.ActiveCfg = Release|Any CPU
		{58782B28-0B01-480A-918A-C4FC12461942}.Release|Any CPU.Build.0 = Release|Any CPU
		{58782B28-0B01-480A-918A-C4FC12461942}.Release|x64.ActiveCfg = Release|Any CPU
		{58782B28-0B01-480A-918A-C4FC12461942}.Release|x64.Build.0 = Release|Any CPU
		{58782B28-0B01-480A-918A-C4FC12461942}.Release|x86.ActiveCfg = Release|Any CPU
		{58782B28-0B01-480A-918A-C4FC12461942}.Release|x86.Build.0 = Release|Any CPU
		{4964431C-223C-4139-A57C-5B86E41CCB88}.Debug|Any CPU.ActiveCfg = Debug|Any CPU
		{4964431C-223C-4139-A57C-5B86E41CCB88}.Debug|Any CPU.Build.0 = Debug|Any CPU
		{4964431C-223C-4139-A57C-5B86E41CCB88}.Debug|x64.ActiveCfg = Debug|Any CPU
		{4964431C-223C-4139-A57C-5B86E41CCB88}.Debug|x64.Build.0 = Debug|Any CPU
		{4964431C-223C-4139-A57C-5B86E41CCB88}.Debug|x86.ActiveCfg = Debug|Any CPU
		{4964431C-223C-4139-A57C-5B86E41CCB88}.Debug|x86.Build.0 = Debug|Any CPU
		{4964431C-223C-4139-A57C-5B86E41CCB88}.Release|Any CPU.ActiveCfg = Release|Any CPU
		{4964431C-223C-4139-A57C-5B86E41CCB88}.Release|Any CPU.Build.0 = Release|Any CPU
		{4964431C-223C-4139-A57C-5B86E41CCB88}.Release|x64.ActiveCfg = Release|Any CPU
		{4964431C-223C-4139-A57C-5B86E41CCB88}.Release|x64.Build.0 = Release|Any CPU
		{4964431C-223C-4139-A57C-5B86E41CCB88}.Release|x86.ActiveCfg = Release|Any CPU
		{4964431C-223C-4139-A57C-5B86E41CCB88}.Release|x86.Build.0 = Release|Any CPU
		{87C21036-80AF-4D18-99F3-B6B049CF9DC6}.Debug|Any CPU.ActiveCfg = Debug|Any CPU
		{87C21036-80AF-4D18-99F3-B6B049CF9DC6}.Debug|Any CPU.Build.0 = Debug|Any CPU
		{87C21036-80AF-4D18-99F3-B6B049CF9DC6}.Debug|x64.ActiveCfg = Debug|Any CPU
		{87C21036-80AF-4D18-99F3-B6B049CF9DC6}.Debug|x64.Build.0 = Debug|Any CPU
		{87C21036-80AF-4D18-99F3-B6B049CF9DC6}.Debug|x86.ActiveCfg = Debug|Any CPU
		{87C21036-80AF-4D18-99F3-B6B049CF9DC6}.Debug|x86.Build.0 = Debug|Any CPU
		{87C21036-80AF-4D18-99F3-B6B049CF9DC6}.Release|Any CPU.ActiveCfg = Release|Any CPU
		{87C21036-80AF-4D18-99F3-B6B049CF9DC6}.Release|Any CPU.Build.0 = Release|Any CPU
		{87C21036-80AF-4D18-99F3-B6B049CF9DC6}.Release|x64.ActiveCfg = Release|Any CPU
		{87C21036-80AF-4D18-99F3-B6B049CF9DC6}.Release|x64.Build.0 = Release|Any CPU
		{87C21036-80AF-4D18-99F3-B6B049CF9DC6}.Release|x86.ActiveCfg = Release|Any CPU
		{87C21036-80AF-4D18-99F3-B6B049CF9DC6}.Release|x86.Build.0 = Release|Any CPU
		{16DE6DD2-FBF9-469E-B9C3-4A1099484AFC}.Debug|Any CPU.ActiveCfg = Debug|Any CPU
		{16DE6DD2-FBF9-469E-B9C3-4A1099484AFC}.Debug|Any CPU.Build.0 = Debug|Any CPU
		{16DE6DD2-FBF9-469E-B9C3-4A1099484AFC}.Debug|x64.ActiveCfg = Debug|Any CPU
		{16DE6DD2-FBF9-469E-B9C3-4A1099484AFC}.Debug|x64.Build.0 = Debug|Any CPU
		{16DE6DD2-FBF9-469E-B9C3-4A1099484AFC}.Debug|x86.ActiveCfg = Debug|Any CPU
		{16DE6DD2-FBF9-469E-B9C3-4A1099484AFC}.Debug|x86.Build.0 = Debug|Any CPU
		{16DE6DD2-FBF9-469E-B9C3-4A1099484AFC}.Release|Any CPU.ActiveCfg = Release|Any CPU
		{16DE6DD2-FBF9-469E-B9C3-4A1099484AFC}.Release|Any CPU.Build.0 = Release|Any CPU
		{16DE6DD2-FBF9-469E-B9C3-4A1099484AFC}.Release|x64.ActiveCfg = Release|Any CPU
		{16DE6DD2-FBF9-469E-B9C3-4A1099484AFC}.Release|x64.Build.0 = Release|Any CPU
		{16DE6DD2-FBF9-469E-B9C3-4A1099484AFC}.Release|x86.ActiveCfg = Release|Any CPU
		{16DE6DD2-FBF9-469E-B9C3-4A1099484AFC}.Release|x86.Build.0 = Release|Any CPU
		{2FDCDD7B-EC53-4A62-B49E-99AF8A3C2D6B}.Debug|Any CPU.ActiveCfg = Debug|Any CPU
		{2FDCDD7B-EC53-4A62-B49E-99AF8A3C2D6B}.Debug|Any CPU.Build.0 = Debug|Any CPU
		{2FDCDD7B-EC53-4A62-B49E-99AF8A3C2D6B}.Debug|x64.ActiveCfg = Debug|Any CPU
		{2FDCDD7B-EC53-4A62-B49E-99AF8A3C2D6B}.Debug|x64.Build.0 = Debug|Any CPU
		{2FDCDD7B-EC53-4A62-B49E-99AF8A3C2D6B}.Debug|x86.ActiveCfg = Debug|Any CPU
		{2FDCDD7B-EC53-4A62-B49E-99AF8A3C2D6B}.Debug|x86.Build.0 = Debug|Any CPU
		{2FDCDD7B-EC53-4A62-B49E-99AF8A3C2D6B}.Release|Any CPU.ActiveCfg = Release|Any CPU
		{2FDCDD7B-EC53-4A62-B49E-99AF8A3C2D6B}.Release|Any CPU.Build.0 = Release|Any CPU
		{2FDCDD7B-EC53-4A62-B49E-99AF8A3C2D6B}.Release|x64.ActiveCfg = Release|Any CPU
		{2FDCDD7B-EC53-4A62-B49E-99AF8A3C2D6B}.Release|x64.Build.0 = Release|Any CPU
		{2FDCDD7B-EC53-4A62-B49E-99AF8A3C2D6B}.Release|x86.ActiveCfg = Release|Any CPU
		{2FDCDD7B-EC53-4A62-B49E-99AF8A3C2D6B}.Release|x86.Build.0 = Release|Any CPU
		{ED2CBE6F-5A83-4A54-A13D-C1C174DD724E}.Debug|Any CPU.ActiveCfg = Debug|Any CPU
		{ED2CBE6F-5A83-4A54-A13D-C1C174DD724E}.Debug|Any CPU.Build.0 = Debug|Any CPU
		{ED2CBE6F-5A83-4A54-A13D-C1C174DD724E}.Debug|x64.ActiveCfg = Debug|Any CPU
		{ED2CBE6F-5A83-4A54-A13D-C1C174DD724E}.Debug|x64.Build.0 = Debug|Any CPU
		{ED2CBE6F-5A83-4A54-A13D-C1C174DD724E}.Debug|x86.ActiveCfg = Debug|Any CPU
		{ED2CBE6F-5A83-4A54-A13D-C1C174DD724E}.Debug|x86.Build.0 = Debug|Any CPU
		{ED2CBE6F-5A83-4A54-A13D-C1C174DD724E}.Release|Any CPU.ActiveCfg = Release|Any CPU
		{ED2CBE6F-5A83-4A54-A13D-C1C174DD724E}.Release|Any CPU.Build.0 = Release|Any CPU
		{ED2CBE6F-5A83-4A54-A13D-C1C174DD724E}.Release|x64.ActiveCfg = Release|Any CPU
		{ED2CBE6F-5A83-4A54-A13D-C1C174DD724E}.Release|x64.Build.0 = Release|Any CPU
		{ED2CBE6F-5A83-4A54-A13D-C1C174DD724E}.Release|x86.ActiveCfg = Release|Any CPU
		{ED2CBE6F-5A83-4A54-A13D-C1C174DD724E}.Release|x86.Build.0 = Release|Any CPU
		{41CD52E1-BEFE-49BA-87DD-A211A362E46B}.Debug|Any CPU.ActiveCfg = Debug|Any CPU
		{41CD52E1-BEFE-49BA-87DD-A211A362E46B}.Debug|Any CPU.Build.0 = Debug|Any CPU
		{41CD52E1-BEFE-49BA-87DD-A211A362E46B}.Debug|x64.ActiveCfg = Debug|Any CPU
		{41CD52E1-BEFE-49BA-87DD-A211A362E46B}.Debug|x64.Build.0 = Debug|Any CPU
		{41CD52E1-BEFE-49BA-87DD-A211A362E46B}.Debug|x86.ActiveCfg = Debug|Any CPU
		{41CD52E1-BEFE-49BA-87DD-A211A362E46B}.Debug|x86.Build.0 = Debug|Any CPU
		{41CD52E1-BEFE-49BA-87DD-A211A362E46B}.Release|Any CPU.ActiveCfg = Release|Any CPU
		{41CD52E1-BEFE-49BA-87DD-A211A362E46B}.Release|Any CPU.Build.0 = Release|Any CPU
		{41CD52E1-BEFE-49BA-87DD-A211A362E46B}.Release|x64.ActiveCfg = Release|Any CPU
		{41CD52E1-BEFE-49BA-87DD-A211A362E46B}.Release|x64.Build.0 = Release|Any CPU
		{41CD52E1-BEFE-49BA-87DD-A211A362E46B}.Release|x86.ActiveCfg = Release|Any CPU
		{41CD52E1-BEFE-49BA-87DD-A211A362E46B}.Release|x86.Build.0 = Release|Any CPU
		{9A45F52F-F24E-78EB-E81C-AB4BAECC96C5}.Debug|Any CPU.ActiveCfg = Debug|Any CPU
		{9A45F52F-F24E-78EB-E81C-AB4BAECC96C5}.Debug|Any CPU.Build.0 = Debug|Any CPU
		{9A45F52F-F24E-78EB-E81C-AB4BAECC96C5}.Debug|x64.ActiveCfg = Debug|Any CPU
		{9A45F52F-F24E-78EB-E81C-AB4BAECC96C5}.Debug|x64.Build.0 = Debug|Any CPU
		{9A45F52F-F24E-78EB-E81C-AB4BAECC96C5}.Debug|x86.ActiveCfg = Debug|Any CPU
		{9A45F52F-F24E-78EB-E81C-AB4BAECC96C5}.Debug|x86.Build.0 = Debug|Any CPU
		{9A45F52F-F24E-78EB-E81C-AB4BAECC96C5}.Release|Any CPU.ActiveCfg = Debug|Any CPU
		{9A45F52F-F24E-78EB-E81C-AB4BAECC96C5}.Release|Any CPU.Build.0 = Debug|Any CPU
		{9A45F52F-F24E-78EB-E81C-AB4BAECC96C5}.Release|x64.ActiveCfg = Debug|Any CPU
		{9A45F52F-F24E-78EB-E81C-AB4BAECC96C5}.Release|x64.Build.0 = Debug|Any CPU
		{9A45F52F-F24E-78EB-E81C-AB4BAECC96C5}.Release|x86.ActiveCfg = Debug|Any CPU
		{9A45F52F-F24E-78EB-E81C-AB4BAECC96C5}.Release|x86.Build.0 = Debug|Any CPU
		{7DA23CD1-660A-A9C7-DD64-AFECEC045D9C}.Debug|Any CPU.ActiveCfg = Debug|Any CPU
		{7DA23CD1-660A-A9C7-DD64-AFECEC045D9C}.Debug|Any CPU.Build.0 = Debug|Any CPU
		{7DA23CD1-660A-A9C7-DD64-AFECEC045D9C}.Debug|x64.ActiveCfg = Debug|Any CPU
		{7DA23CD1-660A-A9C7-DD64-AFECEC045D9C}.Debug|x64.Build.0 = Debug|Any CPU
		{7DA23CD1-660A-A9C7-DD64-AFECEC045D9C}.Debug|x86.ActiveCfg = Debug|Any CPU
		{7DA23CD1-660A-A9C7-DD64-AFECEC045D9C}.Debug|x86.Build.0 = Debug|Any CPU
		{7DA23CD1-660A-A9C7-DD64-AFECEC045D9C}.Release|Any CPU.ActiveCfg = Debug|Any CPU
		{7DA23CD1-660A-A9C7-DD64-AFECEC045D9C}.Release|Any CPU.Build.0 = Debug|Any CPU
		{7DA23CD1-660A-A9C7-DD64-AFECEC045D9C}.Release|x64.ActiveCfg = Debug|Any CPU
		{7DA23CD1-660A-A9C7-DD64-AFECEC045D9C}.Release|x64.Build.0 = Debug|Any CPU
		{7DA23CD1-660A-A9C7-DD64-AFECEC045D9C}.Release|x86.ActiveCfg = Debug|Any CPU
		{7DA23CD1-660A-A9C7-DD64-AFECEC045D9C}.Release|x86.Build.0 = Debug|Any CPU
		{4BA80C58-4CD0-B1E2-FE75-EAFA42BCA495}.Debug|Any CPU.ActiveCfg = Debug|Any CPU
		{4BA80C58-4CD0-B1E2-FE75-EAFA42BCA495}.Debug|Any CPU.Build.0 = Debug|Any CPU
		{4BA80C58-4CD0-B1E2-FE75-EAFA42BCA495}.Debug|x64.ActiveCfg = Debug|Any CPU
		{4BA80C58-4CD0-B1E2-FE75-EAFA42BCA495}.Debug|x64.Build.0 = Debug|Any CPU
		{4BA80C58-4CD0-B1E2-FE75-EAFA42BCA495}.Debug|x86.ActiveCfg = Debug|Any CPU
		{4BA80C58-4CD0-B1E2-FE75-EAFA42BCA495}.Debug|x86.Build.0 = Debug|Any CPU
		{4BA80C58-4CD0-B1E2-FE75-EAFA42BCA495}.Release|Any CPU.ActiveCfg = Debug|Any CPU
		{4BA80C58-4CD0-B1E2-FE75-EAFA42BCA495}.Release|Any CPU.Build.0 = Debug|Any CPU
		{4BA80C58-4CD0-B1E2-FE75-EAFA42BCA495}.Release|x64.ActiveCfg = Debug|Any CPU
		{4BA80C58-4CD0-B1E2-FE75-EAFA42BCA495}.Release|x64.Build.0 = Debug|Any CPU
		{4BA80C58-4CD0-B1E2-FE75-EAFA42BCA495}.Release|x86.ActiveCfg = Debug|Any CPU
		{4BA80C58-4CD0-B1E2-FE75-EAFA42BCA495}.Release|x86.Build.0 = Debug|Any CPU
		{75B35115-AD99-5C3E-DA97-9438F0FA73E6}.Debug|Any CPU.ActiveCfg = Debug|Any CPU
		{75B35115-AD99-5C3E-DA97-9438F0FA73E6}.Debug|Any CPU.Build.0 = Debug|Any CPU
		{75B35115-AD99-5C3E-DA97-9438F0FA73E6}.Debug|x64.ActiveCfg = Debug|Any CPU
		{75B35115-AD99-5C3E-DA97-9438F0FA73E6}.Debug|x64.Build.0 = Debug|Any CPU
		{75B35115-AD99-5C3E-DA97-9438F0FA73E6}.Debug|x86.ActiveCfg = Debug|Any CPU
		{75B35115-AD99-5C3E-DA97-9438F0FA73E6}.Debug|x86.Build.0 = Debug|Any CPU
		{75B35115-AD99-5C3E-DA97-9438F0FA73E6}.Release|Any CPU.ActiveCfg = Debug|Any CPU
		{75B35115-AD99-5C3E-DA97-9438F0FA73E6}.Release|Any CPU.Build.0 = Debug|Any CPU
		{75B35115-AD99-5C3E-DA97-9438F0FA73E6}.Release|x64.ActiveCfg = Debug|Any CPU
		{75B35115-AD99-5C3E-DA97-9438F0FA73E6}.Release|x64.Build.0 = Debug|Any CPU
		{75B35115-AD99-5C3E-DA97-9438F0FA73E6}.Release|x86.ActiveCfg = Debug|Any CPU
		{75B35115-AD99-5C3E-DA97-9438F0FA73E6}.Release|x86.Build.0 = Debug|Any CPU
		{34F6CC46-066B-9B45-CA08-6E8F3F170034}.Debug|Any CPU.ActiveCfg = Debug|Any CPU
		{34F6CC46-066B-9B45-CA08-6E8F3F170034}.Debug|Any CPU.Build.0 = Debug|Any CPU
		{34F6CC46-066B-9B45-CA08-6E8F3F170034}.Debug|x64.ActiveCfg = Debug|Any CPU
		{34F6CC46-066B-9B45-CA08-6E8F3F170034}.Debug|x64.Build.0 = Debug|Any CPU
		{34F6CC46-066B-9B45-CA08-6E8F3F170034}.Debug|x86.ActiveCfg = Debug|Any CPU
		{34F6CC46-066B-9B45-CA08-6E8F3F170034}.Debug|x86.Build.0 = Debug|Any CPU
		{34F6CC46-066B-9B45-CA08-6E8F3F170034}.Release|Any CPU.ActiveCfg = Release|Any CPU
		{34F6CC46-066B-9B45-CA08-6E8F3F170034}.Release|Any CPU.Build.0 = Release|Any CPU
		{34F6CC46-066B-9B45-CA08-6E8F3F170034}.Release|x64.ActiveCfg = Release|Any CPU
		{34F6CC46-066B-9B45-CA08-6E8F3F170034}.Release|x64.Build.0 = Release|Any CPU
		{34F6CC46-066B-9B45-CA08-6E8F3F170034}.Release|x86.ActiveCfg = Release|Any CPU
		{34F6CC46-066B-9B45-CA08-6E8F3F170034}.Release|x86.Build.0 = Release|Any CPU
		{8BDED974-C717-428C-D7B1-F1A2AF4831F1}.Debug|Any CPU.ActiveCfg = Debug|Any CPU
		{8BDED974-C717-428C-D7B1-F1A2AF4831F1}.Debug|Any CPU.Build.0 = Debug|Any CPU
		{8BDED974-C717-428C-D7B1-F1A2AF4831F1}.Debug|x64.ActiveCfg = Debug|Any CPU
		{8BDED974-C717-428C-D7B1-F1A2AF4831F1}.Debug|x64.Build.0 = Debug|Any CPU
		{8BDED974-C717-428C-D7B1-F1A2AF4831F1}.Debug|x86.ActiveCfg = Debug|Any CPU
		{8BDED974-C717-428C-D7B1-F1A2AF4831F1}.Debug|x86.Build.0 = Debug|Any CPU
		{8BDED974-C717-428C-D7B1-F1A2AF4831F1}.Release|Any CPU.ActiveCfg = Release|Any CPU
		{8BDED974-C717-428C-D7B1-F1A2AF4831F1}.Release|Any CPU.Build.0 = Release|Any CPU
		{8BDED974-C717-428C-D7B1-F1A2AF4831F1}.Release|x64.ActiveCfg = Release|Any CPU
		{8BDED974-C717-428C-D7B1-F1A2AF4831F1}.Release|x64.Build.0 = Release|Any CPU
		{8BDED974-C717-428C-D7B1-F1A2AF4831F1}.Release|x86.ActiveCfg = Release|Any CPU
		{8BDED974-C717-428C-D7B1-F1A2AF4831F1}.Release|x86.Build.0 = Release|Any CPU
		{8F4F382E-0D66-134B-BD47-51268FCFBA19}.Debug|Any CPU.ActiveCfg = Debug|Any CPU
		{8F4F382E-0D66-134B-BD47-51268FCFBA19}.Debug|Any CPU.Build.0 = Debug|Any CPU
		{8F4F382E-0D66-134B-BD47-51268FCFBA19}.Debug|x64.ActiveCfg = Debug|Any CPU
		{8F4F382E-0D66-134B-BD47-51268FCFBA19}.Debug|x64.Build.0 = Debug|Any CPU
		{8F4F382E-0D66-134B-BD47-51268FCFBA19}.Debug|x86.ActiveCfg = Debug|Any CPU
		{8F4F382E-0D66-134B-BD47-51268FCFBA19}.Debug|x86.Build.0 = Debug|Any CPU
		{8F4F382E-0D66-134B-BD47-51268FCFBA19}.Release|Any CPU.ActiveCfg = Release|Any CPU
		{8F4F382E-0D66-134B-BD47-51268FCFBA19}.Release|Any CPU.Build.0 = Release|Any CPU
		{8F4F382E-0D66-134B-BD47-51268FCFBA19}.Release|x64.ActiveCfg = Release|Any CPU
		{8F4F382E-0D66-134B-BD47-51268FCFBA19}.Release|x64.Build.0 = Release|Any CPU
		{8F4F382E-0D66-134B-BD47-51268FCFBA19}.Release|x86.ActiveCfg = Release|Any CPU
		{8F4F382E-0D66-134B-BD47-51268FCFBA19}.Release|x86.Build.0 = Release|Any CPU
		{2C670D3A-0567-C4FA-0C25-33C5B1E3DD09}.Debug|Any CPU.ActiveCfg = Debug|Any CPU
		{2C670D3A-0567-C4FA-0C25-33C5B1E3DD09}.Debug|Any CPU.Build.0 = Debug|Any CPU
		{2C670D3A-0567-C4FA-0C25-33C5B1E3DD09}.Debug|x64.ActiveCfg = Debug|Any CPU
		{2C670D3A-0567-C4FA-0C25-33C5B1E3DD09}.Debug|x64.Build.0 = Debug|Any CPU
		{2C670D3A-0567-C4FA-0C25-33C5B1E3DD09}.Debug|x86.ActiveCfg = Debug|Any CPU
		{2C670D3A-0567-C4FA-0C25-33C5B1E3DD09}.Debug|x86.Build.0 = Debug|Any CPU
		{2C670D3A-0567-C4FA-0C25-33C5B1E3DD09}.Release|Any CPU.ActiveCfg = Release|Any CPU
		{2C670D3A-0567-C4FA-0C25-33C5B1E3DD09}.Release|Any CPU.Build.0 = Release|Any CPU
		{2C670D3A-0567-C4FA-0C25-33C5B1E3DD09}.Release|x64.ActiveCfg = Release|Any CPU
		{2C670D3A-0567-C4FA-0C25-33C5B1E3DD09}.Release|x64.Build.0 = Release|Any CPU
		{2C670D3A-0567-C4FA-0C25-33C5B1E3DD09}.Release|x86.ActiveCfg = Release|Any CPU
		{2C670D3A-0567-C4FA-0C25-33C5B1E3DD09}.Release|x86.Build.0 = Release|Any CPU
		{F2359B45-5A76-DAC1-CE22-F700277D1BBA}.Debug|Any CPU.ActiveCfg = Debug|Any CPU
		{F2359B45-5A76-DAC1-CE22-F700277D1BBA}.Debug|Any CPU.Build.0 = Debug|Any CPU
		{F2359B45-5A76-DAC1-CE22-F700277D1BBA}.Debug|x64.ActiveCfg = Debug|Any CPU
		{F2359B45-5A76-DAC1-CE22-F700277D1BBA}.Debug|x64.Build.0 = Debug|Any CPU
		{F2359B45-5A76-DAC1-CE22-F700277D1BBA}.Debug|x86.ActiveCfg = Debug|Any CPU
		{F2359B45-5A76-DAC1-CE22-F700277D1BBA}.Debug|x86.Build.0 = Debug|Any CPU
		{F2359B45-5A76-DAC1-CE22-F700277D1BBA}.Release|Any CPU.ActiveCfg = Release|Any CPU
		{F2359B45-5A76-DAC1-CE22-F700277D1BBA}.Release|Any CPU.Build.0 = Release|Any CPU
		{F2359B45-5A76-DAC1-CE22-F700277D1BBA}.Release|x64.ActiveCfg = Release|Any CPU
		{F2359B45-5A76-DAC1-CE22-F700277D1BBA}.Release|x64.Build.0 = Release|Any CPU
		{F2359B45-5A76-DAC1-CE22-F700277D1BBA}.Release|x86.ActiveCfg = Release|Any CPU
		{F2359B45-5A76-DAC1-CE22-F700277D1BBA}.Release|x86.Build.0 = Release|Any CPU
		{0376ABBC-B0CA-D498-83E2-33A2F4F6182A}.Debug|Any CPU.ActiveCfg = Debug|Any CPU
		{0376ABBC-B0CA-D498-83E2-33A2F4F6182A}.Debug|Any CPU.Build.0 = Debug|Any CPU
		{0376ABBC-B0CA-D498-83E2-33A2F4F6182A}.Debug|x64.ActiveCfg = Debug|Any CPU
		{0376ABBC-B0CA-D498-83E2-33A2F4F6182A}.Debug|x64.Build.0 = Debug|Any CPU
		{0376ABBC-B0CA-D498-83E2-33A2F4F6182A}.Debug|x86.ActiveCfg = Debug|Any CPU
		{0376ABBC-B0CA-D498-83E2-33A2F4F6182A}.Debug|x86.Build.0 = Debug|Any CPU
		{0376ABBC-B0CA-D498-83E2-33A2F4F6182A}.Release|Any CPU.ActiveCfg = Release|Any CPU
		{0376ABBC-B0CA-D498-83E2-33A2F4F6182A}.Release|Any CPU.Build.0 = Release|Any CPU
		{0376ABBC-B0CA-D498-83E2-33A2F4F6182A}.Release|x64.ActiveCfg = Release|Any CPU
		{0376ABBC-B0CA-D498-83E2-33A2F4F6182A}.Release|x64.Build.0 = Release|Any CPU
		{0376ABBC-B0CA-D498-83E2-33A2F4F6182A}.Release|x86.ActiveCfg = Release|Any CPU
		{0376ABBC-B0CA-D498-83E2-33A2F4F6182A}.Release|x86.Build.0 = Release|Any CPU
		{165F78C5-A3D7-B031-BEF7-FA054423AEA6}.Debug|Any CPU.ActiveCfg = Debug|Any CPU
		{165F78C5-A3D7-B031-BEF7-FA054423AEA6}.Debug|Any CPU.Build.0 = Debug|Any CPU
		{165F78C5-A3D7-B031-BEF7-FA054423AEA6}.Debug|x64.ActiveCfg = Debug|Any CPU
		{165F78C5-A3D7-B031-BEF7-FA054423AEA6}.Debug|x64.Build.0 = Debug|Any CPU
		{165F78C5-A3D7-B031-BEF7-FA054423AEA6}.Debug|x86.ActiveCfg = Debug|Any CPU
		{165F78C5-A3D7-B031-BEF7-FA054423AEA6}.Debug|x86.Build.0 = Debug|Any CPU
		{165F78C5-A3D7-B031-BEF7-FA054423AEA6}.Release|Any CPU.ActiveCfg = Release|Any CPU
		{165F78C5-A3D7-B031-BEF7-FA054423AEA6}.Release|Any CPU.Build.0 = Release|Any CPU
		{165F78C5-A3D7-B031-BEF7-FA054423AEA6}.Release|x64.ActiveCfg = Release|Any CPU
		{165F78C5-A3D7-B031-BEF7-FA054423AEA6}.Release|x64.Build.0 = Release|Any CPU
		{165F78C5-A3D7-B031-BEF7-FA054423AEA6}.Release|x86.ActiveCfg = Release|Any CPU
		{165F78C5-A3D7-B031-BEF7-FA054423AEA6}.Release|x86.Build.0 = Release|Any CPU
		{12E328EC-7DE6-DEF2-A111-1BC5A703BC1F}.Debug|Any CPU.ActiveCfg = Debug|Any CPU
		{12E328EC-7DE6-DEF2-A111-1BC5A703BC1F}.Debug|Any CPU.Build.0 = Debug|Any CPU
		{12E328EC-7DE6-DEF2-A111-1BC5A703BC1F}.Debug|x64.ActiveCfg = Debug|Any CPU
		{12E328EC-7DE6-DEF2-A111-1BC5A703BC1F}.Debug|x64.Build.0 = Debug|Any CPU
		{12E328EC-7DE6-DEF2-A111-1BC5A703BC1F}.Debug|x86.ActiveCfg = Debug|Any CPU
		{12E328EC-7DE6-DEF2-A111-1BC5A703BC1F}.Debug|x86.Build.0 = Debug|Any CPU
		{12E328EC-7DE6-DEF2-A111-1BC5A703BC1F}.Release|Any CPU.ActiveCfg = Release|Any CPU
		{12E328EC-7DE6-DEF2-A111-1BC5A703BC1F}.Release|Any CPU.Build.0 = Release|Any CPU
		{12E328EC-7DE6-DEF2-A111-1BC5A703BC1F}.Release|x64.ActiveCfg = Release|Any CPU
		{12E328EC-7DE6-DEF2-A111-1BC5A703BC1F}.Release|x64.Build.0 = Release|Any CPU
		{12E328EC-7DE6-DEF2-A111-1BC5A703BC1F}.Release|x86.ActiveCfg = Release|Any CPU
		{12E328EC-7DE6-DEF2-A111-1BC5A703BC1F}.Release|x86.Build.0 = Release|Any CPU
		{E1BF8FC1-D2FB-B7F7-A0A4-F26308A5148F}.Debug|Any CPU.ActiveCfg = Debug|Any CPU
		{E1BF8FC1-D2FB-B7F7-A0A4-F26308A5148F}.Debug|Any CPU.Build.0 = Debug|Any CPU
		{E1BF8FC1-D2FB-B7F7-A0A4-F26308A5148F}.Debug|x64.ActiveCfg = Debug|Any CPU
		{E1BF8FC1-D2FB-B7F7-A0A4-F26308A5148F}.Debug|x64.Build.0 = Debug|Any CPU
		{E1BF8FC1-D2FB-B7F7-A0A4-F26308A5148F}.Debug|x86.ActiveCfg = Debug|Any CPU
		{E1BF8FC1-D2FB-B7F7-A0A4-F26308A5148F}.Debug|x86.Build.0 = Debug|Any CPU
		{E1BF8FC1-D2FB-B7F7-A0A4-F26308A5148F}.Release|Any CPU.ActiveCfg = Release|Any CPU
		{E1BF8FC1-D2FB-B7F7-A0A4-F26308A5148F}.Release|Any CPU.Build.0 = Release|Any CPU
		{E1BF8FC1-D2FB-B7F7-A0A4-F26308A5148F}.Release|x64.ActiveCfg = Release|Any CPU
		{E1BF8FC1-D2FB-B7F7-A0A4-F26308A5148F}.Release|x64.Build.0 = Release|Any CPU
		{E1BF8FC1-D2FB-B7F7-A0A4-F26308A5148F}.Release|x86.ActiveCfg = Release|Any CPU
		{E1BF8FC1-D2FB-B7F7-A0A4-F26308A5148F}.Release|x86.Build.0 = Release|Any CPU
		{54BADB52-6CD6-94C6-B6FA-E0A7D539B9EF}.Debug|Any CPU.ActiveCfg = Debug|Any CPU
		{54BADB52-6CD6-94C6-B6FA-E0A7D539B9EF}.Debug|Any CPU.Build.0 = Debug|Any CPU
		{54BADB52-6CD6-94C6-B6FA-E0A7D539B9EF}.Debug|x64.ActiveCfg = Debug|Any CPU
		{54BADB52-6CD6-94C6-B6FA-E0A7D539B9EF}.Debug|x64.Build.0 = Debug|Any CPU
		{54BADB52-6CD6-94C6-B6FA-E0A7D539B9EF}.Debug|x86.ActiveCfg = Debug|Any CPU
		{54BADB52-6CD6-94C6-B6FA-E0A7D539B9EF}.Debug|x86.Build.0 = Debug|Any CPU
		{54BADB52-6CD6-94C6-B6FA-E0A7D539B9EF}.Release|Any CPU.ActiveCfg = Release|Any CPU
		{54BADB52-6CD6-94C6-B6FA-E0A7D539B9EF}.Release|Any CPU.Build.0 = Release|Any CPU
		{54BADB52-6CD6-94C6-B6FA-E0A7D539B9EF}.Release|x64.ActiveCfg = Release|Any CPU
		{54BADB52-6CD6-94C6-B6FA-E0A7D539B9EF}.Release|x64.Build.0 = Release|Any CPU
		{54BADB52-6CD6-94C6-B6FA-E0A7D539B9EF}.Release|x86.ActiveCfg = Release|Any CPU
		{54BADB52-6CD6-94C6-B6FA-E0A7D539B9EF}.Release|x86.Build.0 = Release|Any CPU
		{25FFA9DB-EDB2-AF0D-08AD-F27526313D17}.Debug|Any CPU.ActiveCfg = Debug|Any CPU
		{25FFA9DB-EDB2-AF0D-08AD-F27526313D17}.Debug|Any CPU.Build.0 = Debug|Any CPU
		{25FFA9DB-EDB2-AF0D-08AD-F27526313D17}.Debug|x64.ActiveCfg = Debug|Any CPU
		{25FFA9DB-EDB2-AF0D-08AD-F27526313D17}.Debug|x64.Build.0 = Debug|Any CPU
		{25FFA9DB-EDB2-AF0D-08AD-F27526313D17}.Debug|x86.ActiveCfg = Debug|Any CPU
		{25FFA9DB-EDB2-AF0D-08AD-F27526313D17}.Debug|x86.Build.0 = Debug|Any CPU
		{25FFA9DB-EDB2-AF0D-08AD-F27526313D17}.Release|Any CPU.ActiveCfg = Release|Any CPU
		{25FFA9DB-EDB2-AF0D-08AD-F27526313D17}.Release|Any CPU.Build.0 = Release|Any CPU
		{25FFA9DB-EDB2-AF0D-08AD-F27526313D17}.Release|x64.ActiveCfg = Release|Any CPU
		{25FFA9DB-EDB2-AF0D-08AD-F27526313D17}.Release|x64.Build.0 = Release|Any CPU
		{25FFA9DB-EDB2-AF0D-08AD-F27526313D17}.Release|x86.ActiveCfg = Release|Any CPU
		{25FFA9DB-EDB2-AF0D-08AD-F27526313D17}.Release|x86.Build.0 = Release|Any CPU
		{6CDAB7B3-DE4F-6FF5-06F0-D824F083F1AF}.Debug|Any CPU.ActiveCfg = Debug|Any CPU
		{6CDAB7B3-DE4F-6FF5-06F0-D824F083F1AF}.Debug|Any CPU.Build.0 = Debug|Any CPU
		{6CDAB7B3-DE4F-6FF5-06F0-D824F083F1AF}.Debug|x64.ActiveCfg = Debug|Any CPU
		{6CDAB7B3-DE4F-6FF5-06F0-D824F083F1AF}.Debug|x64.Build.0 = Debug|Any CPU
		{6CDAB7B3-DE4F-6FF5-06F0-D824F083F1AF}.Debug|x86.ActiveCfg = Debug|Any CPU
		{6CDAB7B3-DE4F-6FF5-06F0-D824F083F1AF}.Debug|x86.Build.0 = Debug|Any CPU
		{6CDAB7B3-DE4F-6FF5-06F0-D824F083F1AF}.Release|Any CPU.ActiveCfg = Release|Any CPU
		{6CDAB7B3-DE4F-6FF5-06F0-D824F083F1AF}.Release|Any CPU.Build.0 = Release|Any CPU
		{6CDAB7B3-DE4F-6FF5-06F0-D824F083F1AF}.Release|x64.ActiveCfg = Release|Any CPU
		{6CDAB7B3-DE4F-6FF5-06F0-D824F083F1AF}.Release|x64.Build.0 = Release|Any CPU
		{6CDAB7B3-DE4F-6FF5-06F0-D824F083F1AF}.Release|x86.ActiveCfg = Release|Any CPU
		{6CDAB7B3-DE4F-6FF5-06F0-D824F083F1AF}.Release|x86.Build.0 = Release|Any CPU
		{BCB534B7-739E-96EC-BFCE-5D5A7A12A36F}.Debug|Any CPU.ActiveCfg = Debug|Any CPU
		{BCB534B7-739E-96EC-BFCE-5D5A7A12A36F}.Debug|Any CPU.Build.0 = Debug|Any CPU
		{BCB534B7-739E-96EC-BFCE-5D5A7A12A36F}.Debug|x64.ActiveCfg = Debug|Any CPU
		{BCB534B7-739E-96EC-BFCE-5D5A7A12A36F}.Debug|x64.Build.0 = Debug|Any CPU
		{BCB534B7-739E-96EC-BFCE-5D5A7A12A36F}.Debug|x86.ActiveCfg = Debug|Any CPU
		{BCB534B7-739E-96EC-BFCE-5D5A7A12A36F}.Debug|x86.Build.0 = Debug|Any CPU
		{BCB534B7-739E-96EC-BFCE-5D5A7A12A36F}.Release|Any CPU.ActiveCfg = Release|Any CPU
		{BCB534B7-739E-96EC-BFCE-5D5A7A12A36F}.Release|Any CPU.Build.0 = Release|Any CPU
		{BCB534B7-739E-96EC-BFCE-5D5A7A12A36F}.Release|x64.ActiveCfg = Release|Any CPU
		{BCB534B7-739E-96EC-BFCE-5D5A7A12A36F}.Release|x64.Build.0 = Release|Any CPU
		{BCB534B7-739E-96EC-BFCE-5D5A7A12A36F}.Release|x86.ActiveCfg = Release|Any CPU
		{BCB534B7-739E-96EC-BFCE-5D5A7A12A36F}.Release|x86.Build.0 = Release|Any CPU
		{AC1CD003-DC72-C90D-BDA0-207A89E186BC}.Debug|Any CPU.ActiveCfg = Debug|Any CPU
		{AC1CD003-DC72-C90D-BDA0-207A89E186BC}.Debug|Any CPU.Build.0 = Debug|Any CPU
		{AC1CD003-DC72-C90D-BDA0-207A89E186BC}.Debug|x64.ActiveCfg = Debug|Any CPU
		{AC1CD003-DC72-C90D-BDA0-207A89E186BC}.Debug|x64.Build.0 = Debug|Any CPU
		{AC1CD003-DC72-C90D-BDA0-207A89E186BC}.Debug|x86.ActiveCfg = Debug|Any CPU
		{AC1CD003-DC72-C90D-BDA0-207A89E186BC}.Debug|x86.Build.0 = Debug|Any CPU
		{AC1CD003-DC72-C90D-BDA0-207A89E186BC}.Release|Any CPU.ActiveCfg = Release|Any CPU
		{AC1CD003-DC72-C90D-BDA0-207A89E186BC}.Release|Any CPU.Build.0 = Release|Any CPU
		{AC1CD003-DC72-C90D-BDA0-207A89E186BC}.Release|x64.ActiveCfg = Release|Any CPU
		{AC1CD003-DC72-C90D-BDA0-207A89E186BC}.Release|x64.Build.0 = Release|Any CPU
		{AC1CD003-DC72-C90D-BDA0-207A89E186BC}.Release|x86.ActiveCfg = Release|Any CPU
		{AC1CD003-DC72-C90D-BDA0-207A89E186BC}.Release|x86.Build.0 = Release|Any CPU
		{EDE85D92-590F-3D65-5534-7D3948744F78}.Debug|Any CPU.ActiveCfg = Debug|Any CPU
		{EDE85D92-590F-3D65-5534-7D3948744F78}.Debug|Any CPU.Build.0 = Debug|Any CPU
		{EDE85D92-590F-3D65-5534-7D3948744F78}.Debug|x64.ActiveCfg = Debug|Any CPU
		{EDE85D92-590F-3D65-5534-7D3948744F78}.Debug|x64.Build.0 = Debug|Any CPU
		{EDE85D92-590F-3D65-5534-7D3948744F78}.Debug|x86.ActiveCfg = Debug|Any CPU
		{EDE85D92-590F-3D65-5534-7D3948744F78}.Debug|x86.Build.0 = Debug|Any CPU
		{EDE85D92-590F-3D65-5534-7D3948744F78}.Release|Any CPU.ActiveCfg = Release|Any CPU
		{EDE85D92-590F-3D65-5534-7D3948744F78}.Release|Any CPU.Build.0 = Release|Any CPU
		{EDE85D92-590F-3D65-5534-7D3948744F78}.Release|x64.ActiveCfg = Release|Any CPU
		{EDE85D92-590F-3D65-5534-7D3948744F78}.Release|x64.Build.0 = Release|Any CPU
		{EDE85D92-590F-3D65-5534-7D3948744F78}.Release|x86.ActiveCfg = Release|Any CPU
		{EDE85D92-590F-3D65-5534-7D3948744F78}.Release|x86.Build.0 = Release|Any CPU
		{A039143E-4A2A-DD22-EC03-771879B0D08A}.Debug|Any CPU.ActiveCfg = Debug|Any CPU
		{A039143E-4A2A-DD22-EC03-771879B0D08A}.Debug|Any CPU.Build.0 = Debug|Any CPU
		{A039143E-4A2A-DD22-EC03-771879B0D08A}.Debug|x64.ActiveCfg = Debug|Any CPU
		{A039143E-4A2A-DD22-EC03-771879B0D08A}.Debug|x64.Build.0 = Debug|Any CPU
		{A039143E-4A2A-DD22-EC03-771879B0D08A}.Debug|x86.ActiveCfg = Debug|Any CPU
		{A039143E-4A2A-DD22-EC03-771879B0D08A}.Debug|x86.Build.0 = Debug|Any CPU
		{A039143E-4A2A-DD22-EC03-771879B0D08A}.Release|Any CPU.ActiveCfg = Release|Any CPU
		{A039143E-4A2A-DD22-EC03-771879B0D08A}.Release|Any CPU.Build.0 = Release|Any CPU
		{A039143E-4A2A-DD22-EC03-771879B0D08A}.Release|x64.ActiveCfg = Release|Any CPU
		{A039143E-4A2A-DD22-EC03-771879B0D08A}.Release|x64.Build.0 = Release|Any CPU
		{A039143E-4A2A-DD22-EC03-771879B0D08A}.Release|x86.ActiveCfg = Release|Any CPU
		{A039143E-4A2A-DD22-EC03-771879B0D08A}.Release|x86.Build.0 = Release|Any CPU
		{97651EA6-1D21-3D5D-8AD0-AABA198F3CC9}.Debug|Any CPU.ActiveCfg = Debug|Any CPU
		{97651EA6-1D21-3D5D-8AD0-AABA198F3CC9}.Debug|Any CPU.Build.0 = Debug|Any CPU
		{97651EA6-1D21-3D5D-8AD0-AABA198F3CC9}.Debug|x64.ActiveCfg = Debug|Any CPU
		{97651EA6-1D21-3D5D-8AD0-AABA198F3CC9}.Debug|x64.Build.0 = Debug|Any CPU
		{97651EA6-1D21-3D5D-8AD0-AABA198F3CC9}.Debug|x86.ActiveCfg = Debug|Any CPU
		{97651EA6-1D21-3D5D-8AD0-AABA198F3CC9}.Debug|x86.Build.0 = Debug|Any CPU
		{97651EA6-1D21-3D5D-8AD0-AABA198F3CC9}.Release|Any CPU.ActiveCfg = Release|Any CPU
		{97651EA6-1D21-3D5D-8AD0-AABA198F3CC9}.Release|Any CPU.Build.0 = Release|Any CPU
		{97651EA6-1D21-3D5D-8AD0-AABA198F3CC9}.Release|x64.ActiveCfg = Release|Any CPU
		{97651EA6-1D21-3D5D-8AD0-AABA198F3CC9}.Release|x64.Build.0 = Release|Any CPU
		{97651EA6-1D21-3D5D-8AD0-AABA198F3CC9}.Release|x86.ActiveCfg = Release|Any CPU
		{97651EA6-1D21-3D5D-8AD0-AABA198F3CC9}.Release|x86.Build.0 = Release|Any CPU
		{7DDA886F-7022-E231-A5D2-8BDF0FBB44D6}.Debug|Any CPU.ActiveCfg = Debug|Any CPU
		{7DDA886F-7022-E231-A5D2-8BDF0FBB44D6}.Debug|Any CPU.Build.0 = Debug|Any CPU
		{7DDA886F-7022-E231-A5D2-8BDF0FBB44D6}.Debug|x64.ActiveCfg = Debug|Any CPU
		{7DDA886F-7022-E231-A5D2-8BDF0FBB44D6}.Debug|x64.Build.0 = Debug|Any CPU
		{7DDA886F-7022-E231-A5D2-8BDF0FBB44D6}.Debug|x86.ActiveCfg = Debug|Any CPU
		{7DDA886F-7022-E231-A5D2-8BDF0FBB44D6}.Debug|x86.Build.0 = Debug|Any CPU
		{7DDA886F-7022-E231-A5D2-8BDF0FBB44D6}.Release|Any CPU.ActiveCfg = Release|Any CPU
		{7DDA886F-7022-E231-A5D2-8BDF0FBB44D6}.Release|Any CPU.Build.0 = Release|Any CPU
		{7DDA886F-7022-E231-A5D2-8BDF0FBB44D6}.Release|x64.ActiveCfg = Release|Any CPU
		{7DDA886F-7022-E231-A5D2-8BDF0FBB44D6}.Release|x64.Build.0 = Release|Any CPU
		{7DDA886F-7022-E231-A5D2-8BDF0FBB44D6}.Release|x86.ActiveCfg = Release|Any CPU
		{7DDA886F-7022-E231-A5D2-8BDF0FBB44D6}.Release|x86.Build.0 = Release|Any CPU
		{D23C3245-50E8-014D-414F-8DE5873F3DB6}.Debug|Any CPU.ActiveCfg = Debug|Any CPU
		{D23C3245-50E8-014D-414F-8DE5873F3DB6}.Debug|Any CPU.Build.0 = Debug|Any CPU
		{D23C3245-50E8-014D-414F-8DE5873F3DB6}.Debug|x64.ActiveCfg = Debug|Any CPU
		{D23C3245-50E8-014D-414F-8DE5873F3DB6}.Debug|x64.Build.0 = Debug|Any CPU
		{D23C3245-50E8-014D-414F-8DE5873F3DB6}.Debug|x86.ActiveCfg = Debug|Any CPU
		{D23C3245-50E8-014D-414F-8DE5873F3DB6}.Debug|x86.Build.0 = Debug|Any CPU
		{D23C3245-50E8-014D-414F-8DE5873F3DB6}.Release|Any CPU.ActiveCfg = Release|Any CPU
		{D23C3245-50E8-014D-414F-8DE5873F3DB6}.Release|Any CPU.Build.0 = Release|Any CPU
		{D23C3245-50E8-014D-414F-8DE5873F3DB6}.Release|x64.ActiveCfg = Release|Any CPU
		{D23C3245-50E8-014D-414F-8DE5873F3DB6}.Release|x64.Build.0 = Release|Any CPU
		{D23C3245-50E8-014D-414F-8DE5873F3DB6}.Release|x86.ActiveCfg = Release|Any CPU
		{D23C3245-50E8-014D-414F-8DE5873F3DB6}.Release|x86.Build.0 = Release|Any CPU
		{E51C7E77-318E-9383-5070-24E8B08C8DA8}.Debug|Any CPU.ActiveCfg = Debug|Any CPU
		{E51C7E77-318E-9383-5070-24E8B08C8DA8}.Debug|Any CPU.Build.0 = Debug|Any CPU
		{E51C7E77-318E-9383-5070-24E8B08C8DA8}.Debug|x64.ActiveCfg = Debug|Any CPU
		{E51C7E77-318E-9383-5070-24E8B08C8DA8}.Debug|x64.Build.0 = Debug|Any CPU
		{E51C7E77-318E-9383-5070-24E8B08C8DA8}.Debug|x86.ActiveCfg = Debug|Any CPU
		{E51C7E77-318E-9383-5070-24E8B08C8DA8}.Debug|x86.Build.0 = Debug|Any CPU
		{E51C7E77-318E-9383-5070-24E8B08C8DA8}.Release|Any CPU.ActiveCfg = Release|Any CPU
		{E51C7E77-318E-9383-5070-24E8B08C8DA8}.Release|Any CPU.Build.0 = Release|Any CPU
		{E51C7E77-318E-9383-5070-24E8B08C8DA8}.Release|x64.ActiveCfg = Release|Any CPU
		{E51C7E77-318E-9383-5070-24E8B08C8DA8}.Release|x64.Build.0 = Release|Any CPU
		{E51C7E77-318E-9383-5070-24E8B08C8DA8}.Release|x86.ActiveCfg = Release|Any CPU
		{E51C7E77-318E-9383-5070-24E8B08C8DA8}.Release|x86.Build.0 = Release|Any CPU
		{6BB5A0E4-A3ED-EBD8-B86F-21996AABC09A}.Debug|Any CPU.ActiveCfg = Debug|Any CPU
		{6BB5A0E4-A3ED-EBD8-B86F-21996AABC09A}.Debug|Any CPU.Build.0 = Debug|Any CPU
		{6BB5A0E4-A3ED-EBD8-B86F-21996AABC09A}.Debug|x64.ActiveCfg = Debug|Any CPU
		{6BB5A0E4-A3ED-EBD8-B86F-21996AABC09A}.Debug|x64.Build.0 = Debug|Any CPU
		{6BB5A0E4-A3ED-EBD8-B86F-21996AABC09A}.Debug|x86.ActiveCfg = Debug|Any CPU
		{6BB5A0E4-A3ED-EBD8-B86F-21996AABC09A}.Debug|x86.Build.0 = Debug|Any CPU
		{6BB5A0E4-A3ED-EBD8-B86F-21996AABC09A}.Release|Any CPU.ActiveCfg = Release|Any CPU
		{6BB5A0E4-A3ED-EBD8-B86F-21996AABC09A}.Release|Any CPU.Build.0 = Release|Any CPU
		{6BB5A0E4-A3ED-EBD8-B86F-21996AABC09A}.Release|x64.ActiveCfg = Release|Any CPU
		{6BB5A0E4-A3ED-EBD8-B86F-21996AABC09A}.Release|x64.Build.0 = Release|Any CPU
		{6BB5A0E4-A3ED-EBD8-B86F-21996AABC09A}.Release|x86.ActiveCfg = Release|Any CPU
		{6BB5A0E4-A3ED-EBD8-B86F-21996AABC09A}.Release|x86.Build.0 = Release|Any CPU
		{948B931E-367A-A688-41D9-22F99794D491}.Debug|Any CPU.ActiveCfg = Debug|Any CPU
		{948B931E-367A-A688-41D9-22F99794D491}.Debug|Any CPU.Build.0 = Debug|Any CPU
		{948B931E-367A-A688-41D9-22F99794D491}.Debug|x64.ActiveCfg = Debug|Any CPU
		{948B931E-367A-A688-41D9-22F99794D491}.Debug|x64.Build.0 = Debug|Any CPU
		{948B931E-367A-A688-41D9-22F99794D491}.Debug|x86.ActiveCfg = Debug|Any CPU
		{948B931E-367A-A688-41D9-22F99794D491}.Debug|x86.Build.0 = Debug|Any CPU
		{948B931E-367A-A688-41D9-22F99794D491}.Release|Any CPU.ActiveCfg = Release|Any CPU
		{948B931E-367A-A688-41D9-22F99794D491}.Release|Any CPU.Build.0 = Release|Any CPU
		{948B931E-367A-A688-41D9-22F99794D491}.Release|x64.ActiveCfg = Release|Any CPU
		{948B931E-367A-A688-41D9-22F99794D491}.Release|x64.Build.0 = Release|Any CPU
		{948B931E-367A-A688-41D9-22F99794D491}.Release|x86.ActiveCfg = Release|Any CPU
		{948B931E-367A-A688-41D9-22F99794D491}.Release|x86.Build.0 = Release|Any CPU
		{6D66FB2E-78BC-2590-8478-7EE7A290EBD1}.Debug|Any CPU.ActiveCfg = Debug|Any CPU
		{6D66FB2E-78BC-2590-8478-7EE7A290EBD1}.Debug|Any CPU.Build.0 = Debug|Any CPU
		{6D66FB2E-78BC-2590-8478-7EE7A290EBD1}.Debug|x64.ActiveCfg = Debug|Any CPU
		{6D66FB2E-78BC-2590-8478-7EE7A290EBD1}.Debug|x64.Build.0 = Debug|Any CPU
		{6D66FB2E-78BC-2590-8478-7EE7A290EBD1}.Debug|x86.ActiveCfg = Debug|Any CPU
		{6D66FB2E-78BC-2590-8478-7EE7A290EBD1}.Debug|x86.Build.0 = Debug|Any CPU
		{6D66FB2E-78BC-2590-8478-7EE7A290EBD1}.Release|Any CPU.ActiveCfg = Release|Any CPU
		{6D66FB2E-78BC-2590-8478-7EE7A290EBD1}.Release|Any CPU.Build.0 = Release|Any CPU
		{6D66FB2E-78BC-2590-8478-7EE7A290EBD1}.Release|x64.ActiveCfg = Release|Any CPU
		{6D66FB2E-78BC-2590-8478-7EE7A290EBD1}.Release|x64.Build.0 = Release|Any CPU
		{6D66FB2E-78BC-2590-8478-7EE7A290EBD1}.Release|x86.ActiveCfg = Release|Any CPU
		{6D66FB2E-78BC-2590-8478-7EE7A290EBD1}.Release|x86.Build.0 = Release|Any CPU
		{B3E6729F-40CD-2D44-A57D-0F5C044B2607}.Debug|Any CPU.ActiveCfg = Debug|Any CPU
		{B3E6729F-40CD-2D44-A57D-0F5C044B2607}.Debug|Any CPU.Build.0 = Debug|Any CPU
		{B3E6729F-40CD-2D44-A57D-0F5C044B2607}.Debug|x64.ActiveCfg = Debug|Any CPU
		{B3E6729F-40CD-2D44-A57D-0F5C044B2607}.Debug|x64.Build.0 = Debug|Any CPU
		{B3E6729F-40CD-2D44-A57D-0F5C044B2607}.Debug|x86.ActiveCfg = Debug|Any CPU
		{B3E6729F-40CD-2D44-A57D-0F5C044B2607}.Debug|x86.Build.0 = Debug|Any CPU
		{B3E6729F-40CD-2D44-A57D-0F5C044B2607}.Release|Any CPU.ActiveCfg = Release|Any CPU
		{B3E6729F-40CD-2D44-A57D-0F5C044B2607}.Release|Any CPU.Build.0 = Release|Any CPU
		{B3E6729F-40CD-2D44-A57D-0F5C044B2607}.Release|x64.ActiveCfg = Release|Any CPU
		{B3E6729F-40CD-2D44-A57D-0F5C044B2607}.Release|x64.Build.0 = Release|Any CPU
		{B3E6729F-40CD-2D44-A57D-0F5C044B2607}.Release|x86.ActiveCfg = Release|Any CPU
		{B3E6729F-40CD-2D44-A57D-0F5C044B2607}.Release|x86.Build.0 = Release|Any CPU
	EndGlobalSection
	GlobalSection(SolutionProperties) = preSolution
		HideSolutionNode = FALSE
	EndGlobalSection
	GlobalSection(ExtensibilityGlobals) = postSolution
		SolutionGuid = {BABB9AE0-20BA-4BDE-8408-B9C3E23A7C8B}
	EndGlobalSection
EndGlobal
